// !$*UTF8*$!
{
	archiveVersion = 1;
	classes = {
	};
	objectVersion = 46;
	objects = {
/* Begin PBXBuildFile section */
		00E356F31AD99517003FC87E /* wooappTests.m in Sources */ = {isa = PBXBuildFile; fileRef = 00E356F21AD99517003FC87E /* wooappTests.m */; };
		13B07FBC1A68108700A75B9A /* AppDelegate.m in Sources */ = {isa = PBXBuildFile; fileRef = 13B07FB01A68108700A75B9A /* AppDelegate.m */; };
		13B07FBD1A68108700A75B9A /* LaunchScreen.xib in Resources */ = {isa = PBXBuildFile; fileRef = 13B07FB11A68108700A75B9A /* LaunchScreen.xib */; };
		13B07FBF1A68108700A75B9A /* Images.xcassets in Resources */ = {isa = PBXBuildFile; fileRef = 13B07FB51A68108700A75B9A /* Images.xcassets */; };
		13B07FC11A68108700A75B9A /* main.m in Sources */ = {isa = PBXBuildFile; fileRef = 13B07FB71A68108700A75B9A /* main.m */; };
		2D02E4BC1E0B4A80006451C7 /* AppDelegate.m in Sources */ = {isa = PBXBuildFile; fileRef = 13B07FB01A68108700A75B9A /* AppDelegate.m */; };
		2D02E4BD1E0B4A84006451C7 /* Images.xcassets in Resources */ = {isa = PBXBuildFile; fileRef = 13B07FB51A68108700A75B9A /* Images.xcassets */; };
		2D02E4BF1E0B4AB3006451C7 /* main.m in Sources */ = {isa = PBXBuildFile; fileRef = 13B07FB71A68108700A75B9A /* main.m */; };
		2DCD954D1E0B4F2C00145EB5 /* wooappTests.m in Sources */ = {isa = PBXBuildFile; fileRef = 00E356F21AD99517003FC87E /* wooappTests.m */; };
		B775EE6554C14B30ADD5CE58 /* AntDesign.ttf in Resources */ = {isa = PBXBuildFile; fileRef = ADCEB1BC2A334E22B9BB9221 /* AntDesign.ttf */; };
		6F5B6D7A6A794F6E8020D870 /* Entypo.ttf in Resources */ = {isa = PBXBuildFile; fileRef = 4D2D2935E5ED49CCA3B7B64C /* Entypo.ttf */; };
		80F9509BA808425E9B58CA77 /* EvilIcons.ttf in Resources */ = {isa = PBXBuildFile; fileRef = C56DDDB486DF482F8833CEAF /* EvilIcons.ttf */; };
		9E35683BBB494378968EF32B /* Feather.ttf in Resources */ = {isa = PBXBuildFile; fileRef = 79E5457F3FA74BFB9D942A5C /* Feather.ttf */; };
		79ACFE87BF5A4DF7B9296414 /* FontAwesome.ttf in Resources */ = {isa = PBXBuildFile; fileRef = A0CE766C3B014A9AAD95E9D5 /* FontAwesome.ttf */; };
		6E3940A266C44F36B6E17E87 /* FontAwesome5_Brands.ttf in Resources */ = {isa = PBXBuildFile; fileRef = 068E157F89B34E13BE93D6DF /* FontAwesome5_Brands.ttf */; };
		33990E78A1014173AF8E35A4 /* FontAwesome5_Regular.ttf in Resources */ = {isa = PBXBuildFile; fileRef = C36476D46C46450D9AB35443 /* FontAwesome5_Regular.ttf */; };
		5E3C2EA50C2A48B794194775 /* FontAwesome5_Solid.ttf in Resources */ = {isa = PBXBuildFile; fileRef = B4F01913E9304B22B95E2059 /* FontAwesome5_Solid.ttf */; };
		B2860BD15B59421C84969C28 /* Fontisto.ttf in Resources */ = {isa = PBXBuildFile; fileRef = 7F15BBBE10254CDF894F6C41 /* Fontisto.ttf */; };
		73A3C7B8C94D46D0A3637B05 /* Foundation.ttf in Resources */ = {isa = PBXBuildFile; fileRef = 6A708CF062C9419EB080218E /* Foundation.ttf */; };
		3149B3331F094DAFAE3AB585 /* Ionicons.ttf in Resources */ = {isa = PBXBuildFile; fileRef = 9A47C43B11C54ECAA8896E58 /* Ionicons.ttf */; };
		84C8526C5EA74909ADE89E41 /* MaterialCommunityIcons.ttf in Resources */ = {isa = PBXBuildFile; fileRef = 917FDA44265443E68E2A2961 /* MaterialCommunityIcons.ttf */; };
		004AF4CF16934FE1944C35BC /* MaterialIcons.ttf in Resources */ = {isa = PBXBuildFile; fileRef = D0CA0C83C08B4CDD9E422058 /* MaterialIcons.ttf */; };
		E96204089D364BB1B12DBEA9 /* Octicons.ttf in Resources */ = {isa = PBXBuildFile; fileRef = 5FB7D7E27283427D9806A0B5 /* Octicons.ttf */; };
		A8E11D5EE49D475EA1F6DA08 /* SimpleLineIcons.ttf in Resources */ = {isa = PBXBuildFile; fileRef = E3F07463E77441E78AF2B8B4 /* SimpleLineIcons.ttf */; };
		132B2447391E41969AE598B8 /* Zocial.ttf in Resources */ = {isa = PBXBuildFile; fileRef = 74E294A41A01465FA08CF8F9 /* Zocial.ttf */; };
		3540F3F6CF174E46A9AFB678 /* Montserrat-Black.ttf in Resources */ = {isa = PBXBuildFile; fileRef = E325EC2F0B634D9FA7000356 /* Montserrat-Black.ttf */; };
		B9B5D0471BC544FC90CC90FD /* Montserrat-BlackItalic.ttf in Resources */ = {isa = PBXBuildFile; fileRef = 7CE41200CBFD47EF8D64E741 /* Montserrat-BlackItalic.ttf */; };
		6E7B24C83CDD4A1ABC982329 /* Montserrat-Bold.ttf in Resources */ = {isa = PBXBuildFile; fileRef = EE2F70D115644A589BB3DE0C /* Montserrat-Bold.ttf */; };
		08BDAA55941343E7AD70CABB /* Montserrat-BoldItalic.ttf in Resources */ = {isa = PBXBuildFile; fileRef = F4A6D4E213014140BA57CC20 /* Montserrat-BoldItalic.ttf */; };
		CB08C7A915C24A3F87159044 /* Montserrat-ExtraBold.ttf in Resources */ = {isa = PBXBuildFile; fileRef = E52FA6C876D64523BEFB6614 /* Montserrat-ExtraBold.ttf */; };
		0DC7BD3A42C34A1E829396DE /* Montserrat-ExtraBoldItalic.ttf in Resources */ = {isa = PBXBuildFile; fileRef = E1BCB682E31E4DDB8677EE23 /* Montserrat-ExtraBoldItalic.ttf */; };
		E612877483FA40CDB2DDA728 /* Montserrat-ExtraLight.ttf in Resources */ = {isa = PBXBuildFile; fileRef = 8C60113F6E9041F2B11D529A /* Montserrat-ExtraLight.ttf */; };
		25E71FE4E0C74CB9B392A06B /* Montserrat-ExtraLightItalic.ttf in Resources */ = {isa = PBXBuildFile; fileRef = 98A4A72BBAB1436D88DDA807 /* Montserrat-ExtraLightItalic.ttf */; };
		DBAAB67516214E6AA7EDAD57 /* Montserrat-Italic.ttf in Resources */ = {isa = PBXBuildFile; fileRef = 134163918583409CB80001B8 /* Montserrat-Italic.ttf */; };
		2A6508C4CDF24397B71138E1 /* Montserrat-Light.ttf in Resources */ = {isa = PBXBuildFile; fileRef = DE8A9B2D8AD84B66A8E07497 /* Montserrat-Light.ttf */; };
		F51B39DE27CA478AA4B870DF /* Montserrat-LightItalic.ttf in Resources */ = {isa = PBXBuildFile; fileRef = 416F463CF2E8431786C802A7 /* Montserrat-LightItalic.ttf */; };
		5DC8C4D329AE4227ADF67E1F /* Montserrat-Medium.ttf in Resources */ = {isa = PBXBuildFile; fileRef = 5DEA614F289B422D99F4B32C /* Montserrat-Medium.ttf */; };
		1FB9FD33D877428CBF2CDFC9 /* Montserrat-MediumItalic.ttf in Resources */ = {isa = PBXBuildFile; fileRef = F77EB620BC7F421E8DAD726A /* Montserrat-MediumItalic.ttf */; };
		AC623610114248C3B3A0C8C1 /* Montserrat-Regular.ttf in Resources */ = {isa = PBXBuildFile; fileRef = 582915B11B474448A1DD0078 /* Montserrat-Regular.ttf */; };
		94F9BB34611A4EAEAFF08680 /* Montserrat-SemiBold.ttf in Resources */ = {isa = PBXBuildFile; fileRef = A2ED59CB1E244A4795F8EDC9 /* Montserrat-SemiBold.ttf */; };
		853FE8FA739443DEBE99BB4C /* Montserrat-SemiBoldItalic.ttf in Resources */ = {isa = PBXBuildFile; fileRef = 78F953B6465242C4AB057A73 /* Montserrat-SemiBoldItalic.ttf */; };
		05A43961367D4C5B9006CE23 /* Montserrat-Thin.ttf in Resources */ = {isa = PBXBuildFile; fileRef = 295DAA8D3DDD4D6F8367775A /* Montserrat-Thin.ttf */; };
		6505DA5906904851AD88296A /* Montserrat-ThinItalic.ttf in Resources */ = {isa = PBXBuildFile; fileRef = B066C07F0DBB44CAB1828F55 /* Montserrat-ThinItalic.ttf */; };
		4F142A5C3B534EAC9C935688 /* AntDesign.ttf in Resources */ = {isa = PBXBuildFile; fileRef = 6B0EF9B50D044E4A9AD55908 /* AntDesign.ttf */; };
		61FB5046F36B4A57B4C9F7A3 /* Entypo.ttf in Resources */ = {isa = PBXBuildFile; fileRef = 1C8A63629F074562A23998E2 /* Entypo.ttf */; };
		06B96A91DA6C427B83348D15 /* EvilIcons.ttf in Resources */ = {isa = PBXBuildFile; fileRef = D28CCF7805CC47DDA95BF221 /* EvilIcons.ttf */; };
		43342D22A25042B9B3E25475 /* Feather.ttf in Resources */ = {isa = PBXBuildFile; fileRef = 361ACDEF6A04404FBC0C6192 /* Feather.ttf */; };
		BE44BF26BF65427E99579459 /* FontAwesome.ttf in Resources */ = {isa = PBXBuildFile; fileRef = 963E08D5D8C8463284FBF08A /* FontAwesome.ttf */; };
		2E6BE57C7A294E208F2A0516 /* FontAwesome5_Brands.ttf in Resources */ = {isa = PBXBuildFile; fileRef = 3890319DC5EA41258AE73777 /* FontAwesome5_Brands.ttf */; };
		71506EAFDB514653BE4F42B7 /* FontAwesome5_Regular.ttf in Resources */ = {isa = PBXBuildFile; fileRef = 584D3C7C078D4A28A060AD08 /* FontAwesome5_Regular.ttf */; };
		6690AFE5ABE74F2A8A824532 /* FontAwesome5_Solid.ttf in Resources */ = {isa = PBXBuildFile; fileRef = F965024E0565454080F7C0ED /* FontAwesome5_Solid.ttf */; };
		3345D910C5B74741A22B9AB4 /* Fontisto.ttf in Resources */ = {isa = PBXBuildFile; fileRef = A9432C7EFAFC4AA291ED875D /* Fontisto.ttf */; };
		CC8A71BF79DF4826B7D58BDA /* Foundation.ttf in Resources */ = {isa = PBXBuildFile; fileRef = 31BDEEB9AE0F426DB990C04C /* Foundation.ttf */; };
		B21C9D6553394158B86BD746 /* Ionicons.ttf in Resources */ = {isa = PBXBuildFile; fileRef = 19CCD46785DA4E5F81ABAF82 /* Ionicons.ttf */; };
		13FE1E550F7B4F0FBCDFD449 /* MaterialCommunityIcons.ttf in Resources */ = {isa = PBXBuildFile; fileRef = AD79E72BDF3D46468BE2EDD3 /* MaterialCommunityIcons.ttf */; };
		F974E2FDA98F44A1A3737677 /* MaterialIcons.ttf in Resources */ = {isa = PBXBuildFile; fileRef = 784894B766BA441CAA6A60EA /* MaterialIcons.ttf */; };
		41309FAE1F3944AA9459B78B /* Octicons.ttf in Resources */ = {isa = PBXBuildFile; fileRef = C869E42234984B57868CD215 /* Octicons.ttf */; };
		727F7AC554254921A4F0CB8B /* Roboto_medium.ttf in Resources */ = {isa = PBXBuildFile; fileRef = B52AF7E7E23840B1A41D961E /* Roboto_medium.ttf */; };
		33FDB83BDBC24D1DAF8E1216 /* Roboto.ttf in Resources */ = {isa = PBXBuildFile; fileRef = CD56DC5C1E9D4C76B14E1E0C /* Roboto.ttf */; };
		4AF9C79A71A04B2A978295B4 /* rubicon-icon-font.ttf in Resources */ = {isa = PBXBuildFile; fileRef = 5A54B4994E804F318BABD2D9 /* rubicon-icon-font.ttf */; };
		7945083DE68E4831941E1A14 /* SimpleLineIcons.ttf in Resources */ = {isa = PBXBuildFile; fileRef = 5359C7B48DB44C90A1BAF94E /* SimpleLineIcons.ttf */; };
		99B0CC826DAD4AEBA5575F68 /* Zocial.ttf in Resources */ = {isa = PBXBuildFile; fileRef = 9E1E7CF7AF2141F8BC78C195 /* Zocial.ttf */; };
		03BFEC5833A6455B9B78C6C5 /* Muli-Black.ttf in Resources */ = {isa = PBXBuildFile; fileRef = 61070BB9555E46279765B634 /* Muli-Black.ttf */; };
		82AF226439794239B94DACC4 /* Muli-BlackItalic.ttf in Resources */ = {isa = PBXBuildFile; fileRef = E56DB110FA294E98BC2FDE20 /* Muli-BlackItalic.ttf */; };
		EFF78DEC2DB74D03A147E29B /* Muli-Bold.ttf in Resources */ = {isa = PBXBuildFile; fileRef = 1D979F286E044B569E0C9179 /* Muli-Bold.ttf */; };
		B392C0E683D24881872653FA /* Muli-BoldItalic.ttf in Resources */ = {isa = PBXBuildFile; fileRef = 5DAE2E62026347C8A2FC23CD /* Muli-BoldItalic.ttf */; };
		7575AE951D9047AC98997A79 /* Muli-ExtraBold.ttf in Resources */ = {isa = PBXBuildFile; fileRef = 0FE96FC1FB3246C299310D16 /* Muli-ExtraBold.ttf */; };
		EE1AF725DA8646EFA372F91F /* Muli-ExtraBoldItalic.ttf in Resources */ = {isa = PBXBuildFile; fileRef = 059004095C60494D8CE8F489 /* Muli-ExtraBoldItalic.ttf */; };
		463389136DA241CF9A827D0A /* Muli-ExtraLight.ttf in Resources */ = {isa = PBXBuildFile; fileRef = 1A28E35F0D2D469EA9F37CD7 /* Muli-ExtraLight.ttf */; };
		D177C1FAD8104F52A323B2EC /* Muli-ExtraLightItalic.ttf in Resources */ = {isa = PBXBuildFile; fileRef = 47D618801D4C4FECA8EAD7ED /* Muli-ExtraLightItalic.ttf */; };
		BE3C55B8A0D1481AB0B5DF84 /* Muli-Italic.ttf in Resources */ = {isa = PBXBuildFile; fileRef = 82AB6BA3A0814CD9BCDBFAC3 /* Muli-Italic.ttf */; };
		4572DD15350849398AA85A87 /* Muli-Light.ttf in Resources */ = {isa = PBXBuildFile; fileRef = B66B7973690143B9BC7053E2 /* Muli-Light.ttf */; };
		7031C54F7C494634B4A33CD3 /* Muli-LightItalic.ttf in Resources */ = {isa = PBXBuildFile; fileRef = 577D184A38CF4C649CC13576 /* Muli-LightItalic.ttf */; };
		C2ABF289A700426B8B5FE70E /* Muli-Medium.ttf in Resources */ = {isa = PBXBuildFile; fileRef = 0E667CDD1E6F47189590611B /* Muli-Medium.ttf */; };
		A9F33B2ECEEC4820A5425AC1 /* Muli-MediumItalic.ttf in Resources */ = {isa = PBXBuildFile; fileRef = 499966E95969494180D83084 /* Muli-MediumItalic.ttf */; };
		CFC3743FB9234CD6BE5417FE /* Muli-Regular.ttf in Resources */ = {isa = PBXBuildFile; fileRef = 092B14824ED946E69A8B1624 /* Muli-Regular.ttf */; };
		E395F490AB514379B6E7BCC7 /* Muli-SemiBold.ttf in Resources */ = {isa = PBXBuildFile; fileRef = BF64264BD86B430691FF7E2F /* Muli-SemiBold.ttf */; };
		82909D5BAEB5415DB2498AD2 /* Muli-SemiBoldItalic.ttf in Resources */ = {isa = PBXBuildFile; fileRef = 25424160CCC34F3DA4B2A6AB /* Muli-SemiBoldItalic.ttf */; };
		C5C1E48963B342999CB69951 /* Inter-Black.ttf in Resources */ = {isa = PBXBuildFile; fileRef = EC3D79A95CD1454FADAE056F /* Inter-Black.ttf */; };
		5218187E388C49828E7A1D00 /* Inter-BlackItalic.ttf in Resources */ = {isa = PBXBuildFile; fileRef = 630FD831168F4DDE8A4FBB7F /* Inter-BlackItalic.ttf */; };
		86B3BA837E864819B4D4620A /* Inter-Bold.ttf in Resources */ = {isa = PBXBuildFile; fileRef = 1AA2E64248AB4EFA823C2906 /* Inter-Bold.ttf */; };
		D5E6953BAF5C4FA39A8571D3 /* Inter-BoldItalic.ttf in Resources */ = {isa = PBXBuildFile; fileRef = B198F03BDC47474DA5CD29E1 /* Inter-BoldItalic.ttf */; };
		862383A34559470A8F6D2955 /* Inter-ExtraBold.ttf in Resources */ = {isa = PBXBuildFile; fileRef = B6538FF066484DBEA0B798A4 /* Inter-ExtraBold.ttf */; };
		51046605745E4972B47F64DA /* Inter-ExtraBoldItalic.ttf in Resources */ = {isa = PBXBuildFile; fileRef = 6A0AD676BFE141A290A1168A /* Inter-ExtraBoldItalic.ttf */; };
		16EBE021D295459E8354FDA4 /* Inter-ExtraLight.ttf in Resources */ = {isa = PBXBuildFile; fileRef = 1F048CD663954A33B0EE4529 /* Inter-ExtraLight.ttf */; };
		DD0F684C618542EEAB5217BA /* Inter-ExtraLightItalic.ttf in Resources */ = {isa = PBXBuildFile; fileRef = 69B9720030934EC6980CFDEF /* Inter-ExtraLightItalic.ttf */; };
		C4A9F25D41D84B96B61055BE /* Inter-Italic.ttf in Resources */ = {isa = PBXBuildFile; fileRef = 6547A0194B444CB7BB34E400 /* Inter-Italic.ttf */; };
		98D50F2EEEFD4798A2152995 /* Inter-Light.ttf in Resources */ = {isa = PBXBuildFile; fileRef = 515CF3FBB9B74CC0B0953AC9 /* Inter-Light.ttf */; };
		E08D9D9B97F44A409A5C342C /* Inter-LightItalic.ttf in Resources */ = {isa = PBXBuildFile; fileRef = 9935684CCB1F41768F7F26CF /* Inter-LightItalic.ttf */; };
		69AF2831DE7149C1A4912969 /* Inter-Medium.ttf in Resources */ = {isa = PBXBuildFile; fileRef = 1B3073C825E241A596416817 /* Inter-Medium.ttf */; };
		A74393A7F9214A61A671BA1C /* Inter-MediumItalic.ttf in Resources */ = {isa = PBXBuildFile; fileRef = 18A34951CBDA435E853B9460 /* Inter-MediumItalic.ttf */; };
		37088E98F4534F8DAA83653B /* Inter-Regular.ttf in Resources */ = {isa = PBXBuildFile; fileRef = 8A4136C89E6F47FFA42CE738 /* Inter-Regular.ttf */; };
		8E26FA38527B43EEA7022BE4 /* Inter-SemiBold.ttf in Resources */ = {isa = PBXBuildFile; fileRef = F3A3D72BA7584D72B37E6623 /* Inter-SemiBold.ttf */; };
		49C45AB0CE014C1F8749E20D /* Inter-SemiBoldItalic.ttf in Resources */ = {isa = PBXBuildFile; fileRef = 60A48955A9ED47EAA13676AC /* Inter-SemiBoldItalic.ttf */; };
		1CEF364D4E81417E823CD41B /* Inter-Thin.ttf in Resources */ = {isa = PBXBuildFile; fileRef = 1B644177ACB54DA28D8451C3 /* Inter-Thin.ttf */; };
		18B5DAA13D604218904F9D55 /* Inter-ThinItalic.ttf in Resources */ = {isa = PBXBuildFile; fileRef = 5505EABBCFEC430F85BEBE83 /* Inter-ThinItalic.ttf */; };
/* End PBXBuildFile section */

/* Begin PBXContainerItemProxy section */
		00E356F41AD99517003FC87E /* PBXContainerItemProxy */ = {
			isa = PBXContainerItemProxy;
			containerPortal = 83CBB9F71A601CBA00E9B192 /* Project object */;
			proxyType = 1;
			remoteGlobalIDString = 13B07F861A680F5B00A75B9A;
			remoteInfo = wooapp;
		};
		2D02E4911E0B4A5D006451C7 /* PBXContainerItemProxy */ = {
			isa = PBXContainerItemProxy;
			containerPortal = 83CBB9F71A601CBA00E9B192 /* Project object */;
			proxyType = 1;
			remoteGlobalIDString = 2D02E47A1E0B4A5D006451C7;
			remoteInfo = "wooapp-tvOS";
		};
/* End PBXContainerItemProxy section */

/* Begin PBXFileReference section */
		008F07F21AC5B25A0029DE68 /* main.jsbundle */ = {isa = PBXFileReference; fileEncoding = 4; lastKnownFileType = text; path = main.jsbundle; sourceTree = "<group>"; };
		00E356EE1AD99517003FC87E /* wooappTests.xctest */ = {isa = PBXFileReference; explicitFileType = wrapper.cfbundle; includeInIndex = 0; path = wooappTests.xctest; sourceTree = BUILT_PRODUCTS_DIR; };
		00E356F11AD99517003FC87E /* Info.plist */ = {isa = PBXFileReference; lastKnownFileType = text.plist.xml; path = Info.plist; sourceTree = "<group>"; };
		00E356F21AD99517003FC87E /* wooappTests.m */ = {isa = PBXFileReference; lastKnownFileType = sourcecode.c.objc; path = wooappTests.m; sourceTree = "<group>"; };
		13B07F961A680F5B00A75B9A /* wooapp.app */ = {isa = PBXFileReference; explicitFileType = wrapper.application; includeInIndex = 0; path = wooapp.app; sourceTree = BUILT_PRODUCTS_DIR; };
		13B07FAF1A68108700A75B9A /* AppDelegate.h */ = {isa = PBXFileReference; fileEncoding = 4; lastKnownFileType = sourcecode.c.h; name = AppDelegate.h; path = wooapp/AppDelegate.h; sourceTree = "<group>"; };
		13B07FB01A68108700A75B9A /* AppDelegate.m */ = {isa = PBXFileReference; fileEncoding = 4; lastKnownFileType = sourcecode.c.objc; name = AppDelegate.m; path = wooapp/AppDelegate.m; sourceTree = "<group>"; };
		13B07FB21A68108700A75B9A /* Base */ = {isa = PBXFileReference; lastKnownFileType = file.xib; name = Base; path = Base.lproj/LaunchScreen.xib; sourceTree = "<group>"; };
		13B07FB51A68108700A75B9A /* Images.xcassets */ = {isa = PBXFileReference; lastKnownFileType = folder.assetcatalog; name = Images.xcassets; path = wooapp/Images.xcassets; sourceTree = "<group>"; };
		13B07FB61A68108700A75B9A /* Info.plist */ = {isa = PBXFileReference; fileEncoding = 4; lastKnownFileType = text.plist.xml; name = Info.plist; path = wooapp/Info.plist; sourceTree = "<group>"; };
		13B07FB71A68108700A75B9A /* main.m */ = {isa = PBXFileReference; fileEncoding = 4; lastKnownFileType = sourcecode.c.objc; name = main.m; path = wooapp/main.m; sourceTree = "<group>"; };
		2D02E47B1E0B4A5D006451C7 /* wooapp-tvOS.app */ = {isa = PBXFileReference; explicitFileType = wrapper.application; includeInIndex = 0; path = "wooapp-tvOS.app"; sourceTree = BUILT_PRODUCTS_DIR; };
		2D02E4901E0B4A5D006451C7 /* wooapp-tvOSTests.xctest */ = {isa = PBXFileReference; explicitFileType = wrapper.cfbundle; includeInIndex = 0; path = "wooapp-tvOSTests.xctest"; sourceTree = BUILT_PRODUCTS_DIR; };
		ED297162215061F000B7C4FE /* JavaScriptCore.framework */ = {isa = PBXFileReference; lastKnownFileType = wrapper.framework; name = JavaScriptCore.framework; path = System/Library/Frameworks/JavaScriptCore.framework; sourceTree = SDKROOT; };
		ED2971642150620600B7C4FE /* JavaScriptCore.framework */ = {isa = PBXFileReference; lastKnownFileType = wrapper.framework; name = JavaScriptCore.framework; path = Platforms/AppleTVOS.platform/Developer/SDKs/AppleTVOS12.0.sdk/System/Library/Frameworks/JavaScriptCore.framework; sourceTree = DEVELOPER_DIR; };
		ADCEB1BC2A334E22B9BB9221 /* AntDesign.ttf */ = {isa = PBXFileReference; name = "AntDesign.ttf"; path = "../node_modules/react-native-vector-icons/Fonts/AntDesign.ttf"; sourceTree = "<group>"; fileEncoding = undefined; lastKnownFileType = unknown; explicitFileType = undefined; includeInIndex = 0; };
		4D2D2935E5ED49CCA3B7B64C /* Entypo.ttf */ = {isa = PBXFileReference; name = "Entypo.ttf"; path = "../node_modules/react-native-vector-icons/Fonts/Entypo.ttf"; sourceTree = "<group>"; fileEncoding = undefined; lastKnownFileType = unknown; explicitFileType = undefined; includeInIndex = 0; };
		C56DDDB486DF482F8833CEAF /* EvilIcons.ttf */ = {isa = PBXFileReference; name = "EvilIcons.ttf"; path = "../node_modules/react-native-vector-icons/Fonts/EvilIcons.ttf"; sourceTree = "<group>"; fileEncoding = undefined; lastKnownFileType = unknown; explicitFileType = undefined; includeInIndex = 0; };
		79E5457F3FA74BFB9D942A5C /* Feather.ttf */ = {isa = PBXFileReference; name = "Feather.ttf"; path = "../node_modules/react-native-vector-icons/Fonts/Feather.ttf"; sourceTree = "<group>"; fileEncoding = undefined; lastKnownFileType = unknown; explicitFileType = undefined; includeInIndex = 0; };
		A0CE766C3B014A9AAD95E9D5 /* FontAwesome.ttf */ = {isa = PBXFileReference; name = "FontAwesome.ttf"; path = "../node_modules/react-native-vector-icons/Fonts/FontAwesome.ttf"; sourceTree = "<group>"; fileEncoding = undefined; lastKnownFileType = unknown; explicitFileType = undefined; includeInIndex = 0; };
		068E157F89B34E13BE93D6DF /* FontAwesome5_Brands.ttf */ = {isa = PBXFileReference; name = "FontAwesome5_Brands.ttf"; path = "../node_modules/react-native-vector-icons/Fonts/FontAwesome5_Brands.ttf"; sourceTree = "<group>"; fileEncoding = undefined; lastKnownFileType = unknown; explicitFileType = undefined; includeInIndex = 0; };
		C36476D46C46450D9AB35443 /* FontAwesome5_Regular.ttf */ = {isa = PBXFileReference; name = "FontAwesome5_Regular.ttf"; path = "../node_modules/react-native-vector-icons/Fonts/FontAwesome5_Regular.ttf"; sourceTree = "<group>"; fileEncoding = undefined; lastKnownFileType = unknown; explicitFileType = undefined; includeInIndex = 0; };
		B4F01913E9304B22B95E2059 /* FontAwesome5_Solid.ttf */ = {isa = PBXFileReference; name = "FontAwesome5_Solid.ttf"; path = "../node_modules/react-native-vector-icons/Fonts/FontAwesome5_Solid.ttf"; sourceTree = "<group>"; fileEncoding = undefined; lastKnownFileType = unknown; explicitFileType = undefined; includeInIndex = 0; };
		7F15BBBE10254CDF894F6C41 /* Fontisto.ttf */ = {isa = PBXFileReference; name = "Fontisto.ttf"; path = "../node_modules/react-native-vector-icons/Fonts/Fontisto.ttf"; sourceTree = "<group>"; fileEncoding = undefined; lastKnownFileType = unknown; explicitFileType = undefined; includeInIndex = 0; };
		6A708CF062C9419EB080218E /* Foundation.ttf */ = {isa = PBXFileReference; name = "Foundation.ttf"; path = "../node_modules/react-native-vector-icons/Fonts/Foundation.ttf"; sourceTree = "<group>"; fileEncoding = undefined; lastKnownFileType = unknown; explicitFileType = undefined; includeInIndex = 0; };
		9A47C43B11C54ECAA8896E58 /* Ionicons.ttf */ = {isa = PBXFileReference; name = "Ionicons.ttf"; path = "../node_modules/react-native-vector-icons/Fonts/Ionicons.ttf"; sourceTree = "<group>"; fileEncoding = undefined; lastKnownFileType = unknown; explicitFileType = undefined; includeInIndex = 0; };
		917FDA44265443E68E2A2961 /* MaterialCommunityIcons.ttf */ = {isa = PBXFileReference; name = "MaterialCommunityIcons.ttf"; path = "../node_modules/react-native-vector-icons/Fonts/MaterialCommunityIcons.ttf"; sourceTree = "<group>"; fileEncoding = undefined; lastKnownFileType = unknown; explicitFileType = undefined; includeInIndex = 0; };
		D0CA0C83C08B4CDD9E422058 /* MaterialIcons.ttf */ = {isa = PBXFileReference; name = "MaterialIcons.ttf"; path = "../node_modules/react-native-vector-icons/Fonts/MaterialIcons.ttf"; sourceTree = "<group>"; fileEncoding = undefined; lastKnownFileType = unknown; explicitFileType = undefined; includeInIndex = 0; };
		5FB7D7E27283427D9806A0B5 /* Octicons.ttf */ = {isa = PBXFileReference; name = "Octicons.ttf"; path = "../node_modules/react-native-vector-icons/Fonts/Octicons.ttf"; sourceTree = "<group>"; fileEncoding = undefined; lastKnownFileType = unknown; explicitFileType = undefined; includeInIndex = 0; };
		E3F07463E77441E78AF2B8B4 /* SimpleLineIcons.ttf */ = {isa = PBXFileReference; name = "SimpleLineIcons.ttf"; path = "../node_modules/react-native-vector-icons/Fonts/SimpleLineIcons.ttf"; sourceTree = "<group>"; fileEncoding = undefined; lastKnownFileType = unknown; explicitFileType = undefined; includeInIndex = 0; };
		74E294A41A01465FA08CF8F9 /* Zocial.ttf */ = {isa = PBXFileReference; name = "Zocial.ttf"; path = "../node_modules/react-native-vector-icons/Fonts/Zocial.ttf"; sourceTree = "<group>"; fileEncoding = undefined; lastKnownFileType = unknown; explicitFileType = undefined; includeInIndex = 0; };
		E325EC2F0B634D9FA7000356 /* Montserrat-Black.ttf */ = {isa = PBXFileReference; name = "Montserrat-Black.ttf"; path = "../src/assets/fonts/Montserrat-Black.ttf"; sourceTree = "<group>"; fileEncoding = undefined; lastKnownFileType = unknown; explicitFileType = undefined; includeInIndex = 0; };
		7CE41200CBFD47EF8D64E741 /* Montserrat-BlackItalic.ttf */ = {isa = PBXFileReference; name = "Montserrat-BlackItalic.ttf"; path = "../src/assets/fonts/Montserrat-BlackItalic.ttf"; sourceTree = "<group>"; fileEncoding = undefined; lastKnownFileType = unknown; explicitFileType = undefined; includeInIndex = 0; };
		EE2F70D115644A589BB3DE0C /* Montserrat-Bold.ttf */ = {isa = PBXFileReference; name = "Montserrat-Bold.ttf"; path = "../src/assets/fonts/Montserrat-Bold.ttf"; sourceTree = "<group>"; fileEncoding = undefined; lastKnownFileType = unknown; explicitFileType = undefined; includeInIndex = 0; };
		F4A6D4E213014140BA57CC20 /* Montserrat-BoldItalic.ttf */ = {isa = PBXFileReference; name = "Montserrat-BoldItalic.ttf"; path = "../src/assets/fonts/Montserrat-BoldItalic.ttf"; sourceTree = "<group>"; fileEncoding = undefined; lastKnownFileType = unknown; explicitFileType = undefined; includeInIndex = 0; };
		E52FA6C876D64523BEFB6614 /* Montserrat-ExtraBold.ttf */ = {isa = PBXFileReference; name = "Montserrat-ExtraBold.ttf"; path = "../src/assets/fonts/Montserrat-ExtraBold.ttf"; sourceTree = "<group>"; fileEncoding = undefined; lastKnownFileType = unknown; explicitFileType = undefined; includeInIndex = 0; };
		E1BCB682E31E4DDB8677EE23 /* Montserrat-ExtraBoldItalic.ttf */ = {isa = PBXFileReference; name = "Montserrat-ExtraBoldItalic.ttf"; path = "../src/assets/fonts/Montserrat-ExtraBoldItalic.ttf"; sourceTree = "<group>"; fileEncoding = undefined; lastKnownFileType = unknown; explicitFileType = undefined; includeInIndex = 0; };
		8C60113F6E9041F2B11D529A /* Montserrat-ExtraLight.ttf */ = {isa = PBXFileReference; name = "Montserrat-ExtraLight.ttf"; path = "../src/assets/fonts/Montserrat-ExtraLight.ttf"; sourceTree = "<group>"; fileEncoding = undefined; lastKnownFileType = unknown; explicitFileType = undefined; includeInIndex = 0; };
		98A4A72BBAB1436D88DDA807 /* Montserrat-ExtraLightItalic.ttf */ = {isa = PBXFileReference; name = "Montserrat-ExtraLightItalic.ttf"; path = "../src/assets/fonts/Montserrat-ExtraLightItalic.ttf"; sourceTree = "<group>"; fileEncoding = undefined; lastKnownFileType = unknown; explicitFileType = undefined; includeInIndex = 0; };
		134163918583409CB80001B8 /* Montserrat-Italic.ttf */ = {isa = PBXFileReference; name = "Montserrat-Italic.ttf"; path = "../src/assets/fonts/Montserrat-Italic.ttf"; sourceTree = "<group>"; fileEncoding = undefined; lastKnownFileType = unknown; explicitFileType = undefined; includeInIndex = 0; };
		DE8A9B2D8AD84B66A8E07497 /* Montserrat-Light.ttf */ = {isa = PBXFileReference; name = "Montserrat-Light.ttf"; path = "../src/assets/fonts/Montserrat-Light.ttf"; sourceTree = "<group>"; fileEncoding = undefined; lastKnownFileType = unknown; explicitFileType = undefined; includeInIndex = 0; };
		416F463CF2E8431786C802A7 /* Montserrat-LightItalic.ttf */ = {isa = PBXFileReference; name = "Montserrat-LightItalic.ttf"; path = "../src/assets/fonts/Montserrat-LightItalic.ttf"; sourceTree = "<group>"; fileEncoding = undefined; lastKnownFileType = unknown; explicitFileType = undefined; includeInIndex = 0; };
		5DEA614F289B422D99F4B32C /* Montserrat-Medium.ttf */ = {isa = PBXFileReference; name = "Montserrat-Medium.ttf"; path = "../src/assets/fonts/Montserrat-Medium.ttf"; sourceTree = "<group>"; fileEncoding = undefined; lastKnownFileType = unknown; explicitFileType = undefined; includeInIndex = 0; };
		F77EB620BC7F421E8DAD726A /* Montserrat-MediumItalic.ttf */ = {isa = PBXFileReference; name = "Montserrat-MediumItalic.ttf"; path = "../src/assets/fonts/Montserrat-MediumItalic.ttf"; sourceTree = "<group>"; fileEncoding = undefined; lastKnownFileType = unknown; explicitFileType = undefined; includeInIndex = 0; };
		582915B11B474448A1DD0078 /* Montserrat-Regular.ttf */ = {isa = PBXFileReference; name = "Montserrat-Regular.ttf"; path = "../src/assets/fonts/Montserrat-Regular.ttf"; sourceTree = "<group>"; fileEncoding = undefined; lastKnownFileType = unknown; explicitFileType = undefined; includeInIndex = 0; };
		A2ED59CB1E244A4795F8EDC9 /* Montserrat-SemiBold.ttf */ = {isa = PBXFileReference; name = "Montserrat-SemiBold.ttf"; path = "../src/assets/fonts/Montserrat-SemiBold.ttf"; sourceTree = "<group>"; fileEncoding = undefined; lastKnownFileType = unknown; explicitFileType = undefined; includeInIndex = 0; };
		78F953B6465242C4AB057A73 /* Montserrat-SemiBoldItalic.ttf */ = {isa = PBXFileReference; name = "Montserrat-SemiBoldItalic.ttf"; path = "../src/assets/fonts/Montserrat-SemiBoldItalic.ttf"; sourceTree = "<group>"; fileEncoding = undefined; lastKnownFileType = unknown; explicitFileType = undefined; includeInIndex = 0; };
		295DAA8D3DDD4D6F8367775A /* Montserrat-Thin.ttf */ = {isa = PBXFileReference; name = "Montserrat-Thin.ttf"; path = "../src/assets/fonts/Montserrat-Thin.ttf"; sourceTree = "<group>"; fileEncoding = undefined; lastKnownFileType = unknown; explicitFileType = undefined; includeInIndex = 0; };
		B066C07F0DBB44CAB1828F55 /* Montserrat-ThinItalic.ttf */ = {isa = PBXFileReference; name = "Montserrat-ThinItalic.ttf"; path = "../src/assets/fonts/Montserrat-ThinItalic.ttf"; sourceTree = "<group>"; fileEncoding = undefined; lastKnownFileType = unknown; explicitFileType = undefined; includeInIndex = 0; };
		6B0EF9B50D044E4A9AD55908 /* AntDesign.ttf */ = {isa = PBXFileReference; name = "AntDesign.ttf"; path = "../node_modules/native-base/Fonts/AntDesign.ttf"; sourceTree = "<group>"; fileEncoding = undefined; lastKnownFileType = unknown; explicitFileType = undefined; includeInIndex = 0; };
		1C8A63629F074562A23998E2 /* Entypo.ttf */ = {isa = PBXFileReference; name = "Entypo.ttf"; path = "../node_modules/native-base/Fonts/Entypo.ttf"; sourceTree = "<group>"; fileEncoding = undefined; lastKnownFileType = unknown; explicitFileType = undefined; includeInIndex = 0; };
		D28CCF7805CC47DDA95BF221 /* EvilIcons.ttf */ = {isa = PBXFileReference; name = "EvilIcons.ttf"; path = "../node_modules/native-base/Fonts/EvilIcons.ttf"; sourceTree = "<group>"; fileEncoding = undefined; lastKnownFileType = unknown; explicitFileType = undefined; includeInIndex = 0; };
		361ACDEF6A04404FBC0C6192 /* Feather.ttf */ = {isa = PBXFileReference; name = "Feather.ttf"; path = "../node_modules/native-base/Fonts/Feather.ttf"; sourceTree = "<group>"; fileEncoding = undefined; lastKnownFileType = unknown; explicitFileType = undefined; includeInIndex = 0; };
		963E08D5D8C8463284FBF08A /* FontAwesome.ttf */ = {isa = PBXFileReference; name = "FontAwesome.ttf"; path = "../node_modules/native-base/Fonts/FontAwesome.ttf"; sourceTree = "<group>"; fileEncoding = undefined; lastKnownFileType = unknown; explicitFileType = undefined; includeInIndex = 0; };
		3890319DC5EA41258AE73777 /* FontAwesome5_Brands.ttf */ = {isa = PBXFileReference; name = "FontAwesome5_Brands.ttf"; path = "../node_modules/native-base/Fonts/FontAwesome5_Brands.ttf"; sourceTree = "<group>"; fileEncoding = undefined; lastKnownFileType = unknown; explicitFileType = undefined; includeInIndex = 0; };
		584D3C7C078D4A28A060AD08 /* FontAwesome5_Regular.ttf */ = {isa = PBXFileReference; name = "FontAwesome5_Regular.ttf"; path = "../node_modules/native-base/Fonts/FontAwesome5_Regular.ttf"; sourceTree = "<group>"; fileEncoding = undefined; lastKnownFileType = unknown; explicitFileType = undefined; includeInIndex = 0; };
		F965024E0565454080F7C0ED /* FontAwesome5_Solid.ttf */ = {isa = PBXFileReference; name = "FontAwesome5_Solid.ttf"; path = "../node_modules/native-base/Fonts/FontAwesome5_Solid.ttf"; sourceTree = "<group>"; fileEncoding = undefined; lastKnownFileType = unknown; explicitFileType = undefined; includeInIndex = 0; };
		A9432C7EFAFC4AA291ED875D /* Fontisto.ttf */ = {isa = PBXFileReference; name = "Fontisto.ttf"; path = "../node_modules/native-base/Fonts/Fontisto.ttf"; sourceTree = "<group>"; fileEncoding = undefined; lastKnownFileType = unknown; explicitFileType = undefined; includeInIndex = 0; };
		31BDEEB9AE0F426DB990C04C /* Foundation.ttf */ = {isa = PBXFileReference; name = "Foundation.ttf"; path = "../node_modules/native-base/Fonts/Foundation.ttf"; sourceTree = "<group>"; fileEncoding = undefined; lastKnownFileType = unknown; explicitFileType = undefined; includeInIndex = 0; };
		19CCD46785DA4E5F81ABAF82 /* Ionicons.ttf */ = {isa = PBXFileReference; name = "Ionicons.ttf"; path = "../node_modules/native-base/Fonts/Ionicons.ttf"; sourceTree = "<group>"; fileEncoding = undefined; lastKnownFileType = unknown; explicitFileType = undefined; includeInIndex = 0; };
		AD79E72BDF3D46468BE2EDD3 /* MaterialCommunityIcons.ttf */ = {isa = PBXFileReference; name = "MaterialCommunityIcons.ttf"; path = "../node_modules/native-base/Fonts/MaterialCommunityIcons.ttf"; sourceTree = "<group>"; fileEncoding = undefined; lastKnownFileType = unknown; explicitFileType = undefined; includeInIndex = 0; };
		784894B766BA441CAA6A60EA /* MaterialIcons.ttf */ = {isa = PBXFileReference; name = "MaterialIcons.ttf"; path = "../node_modules/native-base/Fonts/MaterialIcons.ttf"; sourceTree = "<group>"; fileEncoding = undefined; lastKnownFileType = unknown; explicitFileType = undefined; includeInIndex = 0; };
		C869E42234984B57868CD215 /* Octicons.ttf */ = {isa = PBXFileReference; name = "Octicons.ttf"; path = "../node_modules/native-base/Fonts/Octicons.ttf"; sourceTree = "<group>"; fileEncoding = undefined; lastKnownFileType = unknown; explicitFileType = undefined; includeInIndex = 0; };
		B52AF7E7E23840B1A41D961E /* Roboto_medium.ttf */ = {isa = PBXFileReference; name = "Roboto_medium.ttf"; path = "../node_modules/native-base/Fonts/Roboto_medium.ttf"; sourceTree = "<group>"; fileEncoding = undefined; lastKnownFileType = unknown; explicitFileType = undefined; includeInIndex = 0; };
		CD56DC5C1E9D4C76B14E1E0C /* Roboto.ttf */ = {isa = PBXFileReference; name = "Roboto.ttf"; path = "../node_modules/native-base/Fonts/Roboto.ttf"; sourceTree = "<group>"; fileEncoding = undefined; lastKnownFileType = unknown; explicitFileType = undefined; includeInIndex = 0; };
		5A54B4994E804F318BABD2D9 /* rubicon-icon-font.ttf */ = {isa = PBXFileReference; name = "rubicon-icon-font.ttf"; path = "../node_modules/native-base/Fonts/rubicon-icon-font.ttf"; sourceTree = "<group>"; fileEncoding = undefined; lastKnownFileType = unknown; explicitFileType = undefined; includeInIndex = 0; };
		5359C7B48DB44C90A1BAF94E /* SimpleLineIcons.ttf */ = {isa = PBXFileReference; name = "SimpleLineIcons.ttf"; path = "../node_modules/native-base/Fonts/SimpleLineIcons.ttf"; sourceTree = "<group>"; fileEncoding = undefined; lastKnownFileType = unknown; explicitFileType = undefined; includeInIndex = 0; };
		9E1E7CF7AF2141F8BC78C195 /* Zocial.ttf */ = {isa = PBXFileReference; name = "Zocial.ttf"; path = "../node_modules/native-base/Fonts/Zocial.ttf"; sourceTree = "<group>"; fileEncoding = undefined; lastKnownFileType = unknown; explicitFileType = undefined; includeInIndex = 0; };
		61070BB9555E46279765B634 /* Muli-Black.ttf */ = {isa = PBXFileReference; name = "Muli-Black.ttf"; path = "../src/assets/fonts/Muli-Black.ttf"; sourceTree = "<group>"; fileEncoding = undefined; lastKnownFileType = unknown; explicitFileType = undefined; includeInIndex = 0; };
		E56DB110FA294E98BC2FDE20 /* Muli-BlackItalic.ttf */ = {isa = PBXFileReference; name = "Muli-BlackItalic.ttf"; path = "../src/assets/fonts/Muli-BlackItalic.ttf"; sourceTree = "<group>"; fileEncoding = undefined; lastKnownFileType = unknown; explicitFileType = undefined; includeInIndex = 0; };
		1D979F286E044B569E0C9179 /* Muli-Bold.ttf */ = {isa = PBXFileReference; name = "Muli-Bold.ttf"; path = "../src/assets/fonts/Muli-Bold.ttf"; sourceTree = "<group>"; fileEncoding = undefined; lastKnownFileType = unknown; explicitFileType = undefined; includeInIndex = 0; };
		5DAE2E62026347C8A2FC23CD /* Muli-BoldItalic.ttf */ = {isa = PBXFileReference; name = "Muli-BoldItalic.ttf"; path = "../src/assets/fonts/Muli-BoldItalic.ttf"; sourceTree = "<group>"; fileEncoding = undefined; lastKnownFileType = unknown; explicitFileType = undefined; includeInIndex = 0; };
		0FE96FC1FB3246C299310D16 /* Muli-ExtraBold.ttf */ = {isa = PBXFileReference; name = "Muli-ExtraBold.ttf"; path = "../src/assets/fonts/Muli-ExtraBold.ttf"; sourceTree = "<group>"; fileEncoding = undefined; lastKnownFileType = unknown; explicitFileType = undefined; includeInIndex = 0; };
		059004095C60494D8CE8F489 /* Muli-ExtraBoldItalic.ttf */ = {isa = PBXFileReference; name = "Muli-ExtraBoldItalic.ttf"; path = "../src/assets/fonts/Muli-ExtraBoldItalic.ttf"; sourceTree = "<group>"; fileEncoding = undefined; lastKnownFileType = unknown; explicitFileType = undefined; includeInIndex = 0; };
		1A28E35F0D2D469EA9F37CD7 /* Muli-ExtraLight.ttf */ = {isa = PBXFileReference; name = "Muli-ExtraLight.ttf"; path = "../src/assets/fonts/Muli-ExtraLight.ttf"; sourceTree = "<group>"; fileEncoding = undefined; lastKnownFileType = unknown; explicitFileType = undefined; includeInIndex = 0; };
		47D618801D4C4FECA8EAD7ED /* Muli-ExtraLightItalic.ttf */ = {isa = PBXFileReference; name = "Muli-ExtraLightItalic.ttf"; path = "../src/assets/fonts/Muli-ExtraLightItalic.ttf"; sourceTree = "<group>"; fileEncoding = undefined; lastKnownFileType = unknown; explicitFileType = undefined; includeInIndex = 0; };
		82AB6BA3A0814CD9BCDBFAC3 /* Muli-Italic.ttf */ = {isa = PBXFileReference; name = "Muli-Italic.ttf"; path = "../src/assets/fonts/Muli-Italic.ttf"; sourceTree = "<group>"; fileEncoding = undefined; lastKnownFileType = unknown; explicitFileType = undefined; includeInIndex = 0; };
		B66B7973690143B9BC7053E2 /* Muli-Light.ttf */ = {isa = PBXFileReference; name = "Muli-Light.ttf"; path = "../src/assets/fonts/Muli-Light.ttf"; sourceTree = "<group>"; fileEncoding = undefined; lastKnownFileType = unknown; explicitFileType = undefined; includeInIndex = 0; };
		577D184A38CF4C649CC13576 /* Muli-LightItalic.ttf */ = {isa = PBXFileReference; name = "Muli-LightItalic.ttf"; path = "../src/assets/fonts/Muli-LightItalic.ttf"; sourceTree = "<group>"; fileEncoding = undefined; lastKnownFileType = unknown; explicitFileType = undefined; includeInIndex = 0; };
		0E667CDD1E6F47189590611B /* Muli-Medium.ttf */ = {isa = PBXFileReference; name = "Muli-Medium.ttf"; path = "../src/assets/fonts/Muli-Medium.ttf"; sourceTree = "<group>"; fileEncoding = undefined; lastKnownFileType = unknown; explicitFileType = undefined; includeInIndex = 0; };
		499966E95969494180D83084 /* Muli-MediumItalic.ttf */ = {isa = PBXFileReference; name = "Muli-MediumItalic.ttf"; path = "../src/assets/fonts/Muli-MediumItalic.ttf"; sourceTree = "<group>"; fileEncoding = undefined; lastKnownFileType = unknown; explicitFileType = undefined; includeInIndex = 0; };
		092B14824ED946E69A8B1624 /* Muli-Regular.ttf */ = {isa = PBXFileReference; name = "Muli-Regular.ttf"; path = "../src/assets/fonts/Muli-Regular.ttf"; sourceTree = "<group>"; fileEncoding = undefined; lastKnownFileType = unknown; explicitFileType = undefined; includeInIndex = 0; };
		BF64264BD86B430691FF7E2F /* Muli-SemiBold.ttf */ = {isa = PBXFileReference; name = "Muli-SemiBold.ttf"; path = "../src/assets/fonts/Muli-SemiBold.ttf"; sourceTree = "<group>"; fileEncoding = undefined; lastKnownFileType = unknown; explicitFileType = undefined; includeInIndex = 0; };
		25424160CCC34F3DA4B2A6AB /* Muli-SemiBoldItalic.ttf */ = {isa = PBXFileReference; name = "Muli-SemiBoldItalic.ttf"; path = "../src/assets/fonts/Muli-SemiBoldItalic.ttf"; sourceTree = "<group>"; fileEncoding = undefined; lastKnownFileType = unknown; explicitFileType = undefined; includeInIndex = 0; };
		EC3D79A95CD1454FADAE056F /* Inter-Black.ttf */ = {isa = PBXFileReference; name = "Inter-Black.ttf"; path = "../src/assets/fonts/Inter-Black.ttf"; sourceTree = "<group>"; fileEncoding = undefined; lastKnownFileType = unknown; explicitFileType = undefined; includeInIndex = 0; };
		630FD831168F4DDE8A4FBB7F /* Inter-BlackItalic.ttf */ = {isa = PBXFileReference; name = "Inter-BlackItalic.ttf"; path = "../src/assets/fonts/Inter-BlackItalic.ttf"; sourceTree = "<group>"; fileEncoding = undefined; lastKnownFileType = unknown; explicitFileType = undefined; includeInIndex = 0; };
		1AA2E64248AB4EFA823C2906 /* Inter-Bold.ttf */ = {isa = PBXFileReference; name = "Inter-Bold.ttf"; path = "../src/assets/fonts/Inter-Bold.ttf"; sourceTree = "<group>"; fileEncoding = undefined; lastKnownFileType = unknown; explicitFileType = undefined; includeInIndex = 0; };
		B198F03BDC47474DA5CD29E1 /* Inter-BoldItalic.ttf */ = {isa = PBXFileReference; name = "Inter-BoldItalic.ttf"; path = "../src/assets/fonts/Inter-BoldItalic.ttf"; sourceTree = "<group>"; fileEncoding = undefined; lastKnownFileType = unknown; explicitFileType = undefined; includeInIndex = 0; };
		B6538FF066484DBEA0B798A4 /* Inter-ExtraBold.ttf */ = {isa = PBXFileReference; name = "Inter-ExtraBold.ttf"; path = "../src/assets/fonts/Inter-ExtraBold.ttf"; sourceTree = "<group>"; fileEncoding = undefined; lastKnownFileType = unknown; explicitFileType = undefined; includeInIndex = 0; };
		6A0AD676BFE141A290A1168A /* Inter-ExtraBoldItalic.ttf */ = {isa = PBXFileReference; name = "Inter-ExtraBoldItalic.ttf"; path = "../src/assets/fonts/Inter-ExtraBoldItalic.ttf"; sourceTree = "<group>"; fileEncoding = undefined; lastKnownFileType = unknown; explicitFileType = undefined; includeInIndex = 0; };
		1F048CD663954A33B0EE4529 /* Inter-ExtraLight.ttf */ = {isa = PBXFileReference; name = "Inter-ExtraLight.ttf"; path = "../src/assets/fonts/Inter-ExtraLight.ttf"; sourceTree = "<group>"; fileEncoding = undefined; lastKnownFileType = unknown; explicitFileType = undefined; includeInIndex = 0; };
		69B9720030934EC6980CFDEF /* Inter-ExtraLightItalic.ttf */ = {isa = PBXFileReference; name = "Inter-ExtraLightItalic.ttf"; path = "../src/assets/fonts/Inter-ExtraLightItalic.ttf"; sourceTree = "<group>"; fileEncoding = undefined; lastKnownFileType = unknown; explicitFileType = undefined; includeInIndex = 0; };
		6547A0194B444CB7BB34E400 /* Inter-Italic.ttf */ = {isa = PBXFileReference; name = "Inter-Italic.ttf"; path = "../src/assets/fonts/Inter-Italic.ttf"; sourceTree = "<group>"; fileEncoding = undefined; lastKnownFileType = unknown; explicitFileType = undefined; includeInIndex = 0; };
		515CF3FBB9B74CC0B0953AC9 /* Inter-Light.ttf */ = {isa = PBXFileReference; name = "Inter-Light.ttf"; path = "../src/assets/fonts/Inter-Light.ttf"; sourceTree = "<group>"; fileEncoding = undefined; lastKnownFileType = unknown; explicitFileType = undefined; includeInIndex = 0; };
		9935684CCB1F41768F7F26CF /* Inter-LightItalic.ttf */ = {isa = PBXFileReference; name = "Inter-LightItalic.ttf"; path = "../src/assets/fonts/Inter-LightItalic.ttf"; sourceTree = "<group>"; fileEncoding = undefined; lastKnownFileType = unknown; explicitFileType = undefined; includeInIndex = 0; };
		1B3073C825E241A596416817 /* Inter-Medium.ttf */ = {isa = PBXFileReference; name = "Inter-Medium.ttf"; path = "../src/assets/fonts/Inter-Medium.ttf"; sourceTree = "<group>"; fileEncoding = undefined; lastKnownFileType = unknown; explicitFileType = undefined; includeInIndex = 0; };
		18A34951CBDA435E853B9460 /* Inter-MediumItalic.ttf */ = {isa = PBXFileReference; name = "Inter-MediumItalic.ttf"; path = "../src/assets/fonts/Inter-MediumItalic.ttf"; sourceTree = "<group>"; fileEncoding = undefined; lastKnownFileType = unknown; explicitFileType = undefined; includeInIndex = 0; };
		8A4136C89E6F47FFA42CE738 /* Inter-Regular.ttf */ = {isa = PBXFileReference; name = "Inter-Regular.ttf"; path = "../src/assets/fonts/Inter-Regular.ttf"; sourceTree = "<group>"; fileEncoding = undefined; lastKnownFileType = unknown; explicitFileType = undefined; includeInIndex = 0; };
		F3A3D72BA7584D72B37E6623 /* Inter-SemiBold.ttf */ = {isa = PBXFileReference; name = "Inter-SemiBold.ttf"; path = "../src/assets/fonts/Inter-SemiBold.ttf"; sourceTree = "<group>"; fileEncoding = undefined; lastKnownFileType = unknown; explicitFileType = undefined; includeInIndex = 0; };
		60A48955A9ED47EAA13676AC /* Inter-SemiBoldItalic.ttf */ = {isa = PBXFileReference; name = "Inter-SemiBoldItalic.ttf"; path = "../src/assets/fonts/Inter-SemiBoldItalic.ttf"; sourceTree = "<group>"; fileEncoding = undefined; lastKnownFileType = unknown; explicitFileType = undefined; includeInIndex = 0; };
		1B644177ACB54DA28D8451C3 /* Inter-Thin.ttf */ = {isa = PBXFileReference; name = "Inter-Thin.ttf"; path = "../src/assets/fonts/Inter-Thin.ttf"; sourceTree = "<group>"; fileEncoding = undefined; lastKnownFileType = unknown; explicitFileType = undefined; includeInIndex = 0; };
		5505EABBCFEC430F85BEBE83 /* Inter-ThinItalic.ttf */ = {isa = PBXFileReference; name = "Inter-ThinItalic.ttf"; path = "../src/assets/fonts/Inter-ThinItalic.ttf"; sourceTree = "<group>"; fileEncoding = undefined; lastKnownFileType = unknown; explicitFileType = undefined; includeInIndex = 0; };
/* End PBXFileReference section */

/* Begin PBXFrameworksBuildPhase section */
		00E356EB1AD99517003FC87E /* Frameworks */ = {
			isa = PBXFrameworksBuildPhase;
			buildActionMask = 2147483647;
			files = (
			);
			runOnlyForDeploymentPostprocessing = 0;
		};
		13B07F8C1A680F5B00A75B9A /* Frameworks */ = {
			isa = PBXFrameworksBuildPhase;
			buildActionMask = 2147483647;
			files = (
			);
			runOnlyForDeploymentPostprocessing = 0;
		};
		2D02E4781E0B4A5D006451C7 /* Frameworks */ = {
			isa = PBXFrameworksBuildPhase;
			buildActionMask = 2147483647;
			files = (
			);
			runOnlyForDeploymentPostprocessing = 0;
		};
		2D02E48D1E0B4A5D006451C7 /* Frameworks */ = {
			isa = PBXFrameworksBuildPhase;
			buildActionMask = 2147483647;
			files = (
			);
			runOnlyForDeploymentPostprocessing = 0;
		};
/* End PBXFrameworksBuildPhase section */

/* Begin PBXGroup section */
		00E356EF1AD99517003FC87E /* wooappTests */ = {
			isa = PBXGroup;
			children = (
				00E356F21AD99517003FC87E /* wooappTests.m */,
				00E356F01AD99517003FC87E /* Supporting Files */,
			);
			path = wooappTests;
			sourceTree = "<group>";
		};
		00E356F01AD99517003FC87E /* Supporting Files */ = {
			isa = PBXGroup;
			children = (
				00E356F11AD99517003FC87E /* Info.plist */,
			);
			name = "Supporting Files";
			sourceTree = "<group>";
		};
		13B07FAE1A68108700A75B9A /* wooapp */ = {
			isa = PBXGroup;
			children = (
				008F07F21AC5B25A0029DE68 /* main.jsbundle */,
				13B07FAF1A68108700A75B9A /* AppDelegate.h */,
				13B07FB01A68108700A75B9A /* AppDelegate.m */,
				13B07FB51A68108700A75B9A /* Images.xcassets */,
				13B07FB61A68108700A75B9A /* Info.plist */,
				13B07FB11A68108700A75B9A /* LaunchScreen.xib */,
				13B07FB71A68108700A75B9A /* main.m */,
			);
			name = wooapp;
			sourceTree = "<group>";
		};
		2D16E6871FA4F8E400B85C8A /* Frameworks */ = {
			isa = PBXGroup;
			children = (
				ED297162215061F000B7C4FE /* JavaScriptCore.framework */,
				ED2971642150620600B7C4FE /* JavaScriptCore.framework */,
			);
			name = Frameworks;
			sourceTree = "<group>";
		};
		832341AE1AAA6A7D00B99B32 /* Libraries */ = {
			isa = PBXGroup;
			children = (
			);
			name = Libraries;
			sourceTree = "<group>";
		};
		83CBB9F61A601CBA00E9B192 = {
			isa = PBXGroup;
			children = (
				13B07FAE1A68108700A75B9A /* wooapp */,
				832341AE1AAA6A7D00B99B32 /* Libraries */,
				00E356EF1AD99517003FC87E /* wooappTests */,
				83CBBA001A601CBA00E9B192 /* Products */,
				2D16E6871FA4F8E400B85C8A /* Frameworks */,
				E5F492BA0891487BBFC799F9 /* Resources */,
			);
			indentWidth = 2;
			sourceTree = "<group>";
			tabWidth = 2;
			usesTabs = 0;
		};
		83CBBA001A601CBA00E9B192 /* Products */ = {
			isa = PBXGroup;
			children = (
				13B07F961A680F5B00A75B9A /* wooapp.app */,
				00E356EE1AD99517003FC87E /* wooappTests.xctest */,
				2D02E47B1E0B4A5D006451C7 /* wooapp-tvOS.app */,
				2D02E4901E0B4A5D006451C7 /* wooapp-tvOSTests.xctest */,
			);
			name = Products;
			sourceTree = "<group>";
		};
		E5F492BA0891487BBFC799F9 /* Resources */ = {
			isa = "PBXGroup";
			children = (
				ADCEB1BC2A334E22B9BB9221 /* AntDesign.ttf */,
				4D2D2935E5ED49CCA3B7B64C /* Entypo.ttf */,
				C56DDDB486DF482F8833CEAF /* EvilIcons.ttf */,
				79E5457F3FA74BFB9D942A5C /* Feather.ttf */,
				A0CE766C3B014A9AAD95E9D5 /* FontAwesome.ttf */,
				068E157F89B34E13BE93D6DF /* FontAwesome5_Brands.ttf */,
				C36476D46C46450D9AB35443 /* FontAwesome5_Regular.ttf */,
				B4F01913E9304B22B95E2059 /* FontAwesome5_Solid.ttf */,
				7F15BBBE10254CDF894F6C41 /* Fontisto.ttf */,
				6A708CF062C9419EB080218E /* Foundation.ttf */,
				9A47C43B11C54ECAA8896E58 /* Ionicons.ttf */,
				917FDA44265443E68E2A2961 /* MaterialCommunityIcons.ttf */,
				D0CA0C83C08B4CDD9E422058 /* MaterialIcons.ttf */,
				5FB7D7E27283427D9806A0B5 /* Octicons.ttf */,
				E3F07463E77441E78AF2B8B4 /* SimpleLineIcons.ttf */,
				74E294A41A01465FA08CF8F9 /* Zocial.ttf */,
				E325EC2F0B634D9FA7000356 /* Montserrat-Black.ttf */,
				7CE41200CBFD47EF8D64E741 /* Montserrat-BlackItalic.ttf */,
				EE2F70D115644A589BB3DE0C /* Montserrat-Bold.ttf */,
				F4A6D4E213014140BA57CC20 /* Montserrat-BoldItalic.ttf */,
				E52FA6C876D64523BEFB6614 /* Montserrat-ExtraBold.ttf */,
				E1BCB682E31E4DDB8677EE23 /* Montserrat-ExtraBoldItalic.ttf */,
				8C60113F6E9041F2B11D529A /* Montserrat-ExtraLight.ttf */,
				98A4A72BBAB1436D88DDA807 /* Montserrat-ExtraLightItalic.ttf */,
				134163918583409CB80001B8 /* Montserrat-Italic.ttf */,
				DE8A9B2D8AD84B66A8E07497 /* Montserrat-Light.ttf */,
				416F463CF2E8431786C802A7 /* Montserrat-LightItalic.ttf */,
				5DEA614F289B422D99F4B32C /* Montserrat-Medium.ttf */,
				F77EB620BC7F421E8DAD726A /* Montserrat-MediumItalic.ttf */,
				582915B11B474448A1DD0078 /* Montserrat-Regular.ttf */,
				A2ED59CB1E244A4795F8EDC9 /* Montserrat-SemiBold.ttf */,
				78F953B6465242C4AB057A73 /* Montserrat-SemiBoldItalic.ttf */,
				295DAA8D3DDD4D6F8367775A /* Montserrat-Thin.ttf */,
				B066C07F0DBB44CAB1828F55 /* Montserrat-ThinItalic.ttf */,
				6B0EF9B50D044E4A9AD55908 /* AntDesign.ttf */,
				1C8A63629F074562A23998E2 /* Entypo.ttf */,
				D28CCF7805CC47DDA95BF221 /* EvilIcons.ttf */,
				361ACDEF6A04404FBC0C6192 /* Feather.ttf */,
				963E08D5D8C8463284FBF08A /* FontAwesome.ttf */,
				3890319DC5EA41258AE73777 /* FontAwesome5_Brands.ttf */,
				584D3C7C078D4A28A060AD08 /* FontAwesome5_Regular.ttf */,
				F965024E0565454080F7C0ED /* FontAwesome5_Solid.ttf */,
				A9432C7EFAFC4AA291ED875D /* Fontisto.ttf */,
				31BDEEB9AE0F426DB990C04C /* Foundation.ttf */,
				19CCD46785DA4E5F81ABAF82 /* Ionicons.ttf */,
				AD79E72BDF3D46468BE2EDD3 /* MaterialCommunityIcons.ttf */,
				784894B766BA441CAA6A60EA /* MaterialIcons.ttf */,
				C869E42234984B57868CD215 /* Octicons.ttf */,
				B52AF7E7E23840B1A41D961E /* Roboto_medium.ttf */,
				CD56DC5C1E9D4C76B14E1E0C /* Roboto.ttf */,
				5A54B4994E804F318BABD2D9 /* rubicon-icon-font.ttf */,
				5359C7B48DB44C90A1BAF94E /* SimpleLineIcons.ttf */,
				9E1E7CF7AF2141F8BC78C195 /* Zocial.ttf */,
				61070BB9555E46279765B634 /* Muli-Black.ttf */,
				E56DB110FA294E98BC2FDE20 /* Muli-BlackItalic.ttf */,
				1D979F286E044B569E0C9179 /* Muli-Bold.ttf */,
				5DAE2E62026347C8A2FC23CD /* Muli-BoldItalic.ttf */,
				0FE96FC1FB3246C299310D16 /* Muli-ExtraBold.ttf */,
				059004095C60494D8CE8F489 /* Muli-ExtraBoldItalic.ttf */,
				1A28E35F0D2D469EA9F37CD7 /* Muli-ExtraLight.ttf */,
				47D618801D4C4FECA8EAD7ED /* Muli-ExtraLightItalic.ttf */,
				82AB6BA3A0814CD9BCDBFAC3 /* Muli-Italic.ttf */,
				B66B7973690143B9BC7053E2 /* Muli-Light.ttf */,
				577D184A38CF4C649CC13576 /* Muli-LightItalic.ttf */,
				0E667CDD1E6F47189590611B /* Muli-Medium.ttf */,
				499966E95969494180D83084 /* Muli-MediumItalic.ttf */,
				092B14824ED946E69A8B1624 /* Muli-Regular.ttf */,
				BF64264BD86B430691FF7E2F /* Muli-SemiBold.ttf */,
				25424160CCC34F3DA4B2A6AB /* Muli-SemiBoldItalic.ttf */,
				EC3D79A95CD1454FADAE056F /* Inter-Black.ttf */,
				630FD831168F4DDE8A4FBB7F /* Inter-BlackItalic.ttf */,
				1AA2E64248AB4EFA823C2906 /* Inter-Bold.ttf */,
				B198F03BDC47474DA5CD29E1 /* Inter-BoldItalic.ttf */,
				B6538FF066484DBEA0B798A4 /* Inter-ExtraBold.ttf */,
				6A0AD676BFE141A290A1168A /* Inter-ExtraBoldItalic.ttf */,
				1F048CD663954A33B0EE4529 /* Inter-ExtraLight.ttf */,
				69B9720030934EC6980CFDEF /* Inter-ExtraLightItalic.ttf */,
				6547A0194B444CB7BB34E400 /* Inter-Italic.ttf */,
				515CF3FBB9B74CC0B0953AC9 /* Inter-Light.ttf */,
				9935684CCB1F41768F7F26CF /* Inter-LightItalic.ttf */,
				1B3073C825E241A596416817 /* Inter-Medium.ttf */,
				18A34951CBDA435E853B9460 /* Inter-MediumItalic.ttf */,
				8A4136C89E6F47FFA42CE738 /* Inter-Regular.ttf */,
				F3A3D72BA7584D72B37E6623 /* Inter-SemiBold.ttf */,
				60A48955A9ED47EAA13676AC /* Inter-SemiBoldItalic.ttf */,
				1B644177ACB54DA28D8451C3 /* Inter-Thin.ttf */,
				5505EABBCFEC430F85BEBE83 /* Inter-ThinItalic.ttf */,
			);
			name = Resources;
			sourceTree = "<group>";
			path = "";
		};
/* End PBXGroup section */

/* Begin PBXNativeTarget section */
		00E356ED1AD99517003FC87E /* wooappTests */ = {
			isa = PBXNativeTarget;
			buildConfigurationList = 00E357021AD99517003FC87E /* Build configuration list for PBXNativeTarget "wooappTests" */;
			buildPhases = (
				00E356EA1AD99517003FC87E /* Sources */,
				00E356EB1AD99517003FC87E /* Frameworks */,
				00E356EC1AD99517003FC87E /* Resources */,
			);
			buildRules = (
			);
			dependencies = (
				00E356F51AD99517003FC87E /* PBXTargetDependency */,
			);
			name = wooappTests;
			productName = wooappTests;
			productReference = 00E356EE1AD99517003FC87E /* wooappTests.xctest */;
			productType = "com.apple.product-type.bundle.unit-test";
		};
		13B07F861A680F5B00A75B9A /* wooapp */ = {
			isa = PBXNativeTarget;
			buildConfigurationList = 13B07F931A680F5B00A75B9A /* Build configuration list for PBXNativeTarget "wooapp" */;
			buildPhases = (
				FD10A7F022414F080027D42C /* Start Packager */,
				13B07F871A680F5B00A75B9A /* Sources */,
				13B07F8C1A680F5B00A75B9A /* Frameworks */,
				13B07F8E1A680F5B00A75B9A /* Resources */,
				00DD1BFF1BD5951E006B06BC /* Bundle React Native code and images */,
			);
			buildRules = (
			);
			dependencies = (
			);
			name = wooapp;
			productName = "wooapp";
			productReference = 13B07F961A680F5B00A75B9A /* wooapp.app */;
			productType = "com.apple.product-type.application";
		};
		2D02E47A1E0B4A5D006451C7 /* wooapp-tvOS */ = {
			isa = PBXNativeTarget;
			buildConfigurationList = 2D02E4BA1E0B4A5E006451C7 /* Build configuration list for PBXNativeTarget "wooapp-tvOS" */;
			buildPhases = (
				FD10A7F122414F3F0027D42C /* Start Packager */,
				2D02E4771E0B4A5D006451C7 /* Sources */,
				2D02E4781E0B4A5D006451C7 /* Frameworks */,
				2D02E4791E0B4A5D006451C7 /* Resources */,
				2D02E4CB1E0B4B27006451C7 /* Bundle React Native Code And Images */,
			);
			buildRules = (
			);
			dependencies = (
			);
			name = "wooapp-tvOS";
			productName = "wooapp-tvOS";
			productReference = 2D02E47B1E0B4A5D006451C7 /* wooapp-tvOS.app */;
			productType = "com.apple.product-type.application";
		};
		2D02E48F1E0B4A5D006451C7 /* wooapp-tvOSTests */ = {
			isa = PBXNativeTarget;
			buildConfigurationList = 2D02E4BB1E0B4A5E006451C7 /* Build configuration list for PBXNativeTarget "wooapp-tvOSTests" */;
			buildPhases = (
				2D02E48C1E0B4A5D006451C7 /* Sources */,
				2D02E48D1E0B4A5D006451C7 /* Frameworks */,
				2D02E48E1E0B4A5D006451C7 /* Resources */,
			);
			buildRules = (
			);
			dependencies = (
				2D02E4921E0B4A5D006451C7 /* PBXTargetDependency */,
			);
			name = "wooapp-tvOSTests";
			productName = "wooapp-tvOSTests";
			productReference = 2D02E4901E0B4A5D006451C7 /* wooapp-tvOSTests.xctest */;
			productType = "com.apple.product-type.bundle.unit-test";
		};
/* End PBXNativeTarget section */

/* Begin PBXProject section */
		83CBB9F71A601CBA00E9B192 /* Project object */ = {
			isa = PBXProject;
			attributes = {
				LastUpgradeCheck = 940;
				ORGANIZATIONNAME = Facebook;
				TargetAttributes = {
					00E356ED1AD99517003FC87E = {
						CreatedOnToolsVersion = 6.2;
						TestTargetID = 13B07F861A680F5B00A75B9A;
					};
					2D02E47A1E0B4A5D006451C7 = {
						CreatedOnToolsVersion = 8.2.1;
						ProvisioningStyle = Automatic;
					};
					2D02E48F1E0B4A5D006451C7 = {
						CreatedOnToolsVersion = 8.2.1;
						ProvisioningStyle = Automatic;
						TestTargetID = 2D02E47A1E0B4A5D006451C7;
					};
				};
			};
			buildConfigurationList = 83CBB9FA1A601CBA00E9B192 /* Build configuration list for PBXProject "wooapp" */;
			compatibilityVersion = "Xcode 3.2";
			developmentRegion = English;
			hasScannedForEncodings = 0;
			knownRegions = (
				en,
				Base,
			);
			mainGroup = 83CBB9F61A601CBA00E9B192;
			productRefGroup = 83CBBA001A601CBA00E9B192 /* Products */;
			projectDirPath = "";
			projectRoot = "";
			targets = (
				13B07F861A680F5B00A75B9A /* wooapp */,
				00E356ED1AD99517003FC87E /* wooappTests */,
				2D02E47A1E0B4A5D006451C7 /* wooapp-tvOS */,
				2D02E48F1E0B4A5D006451C7 /* wooapp-tvOSTests */,
			);
		};
/* End PBXProject section */

/* Begin PBXResourcesBuildPhase section */
		00E356EC1AD99517003FC87E /* Resources */ = {
			isa = PBXResourcesBuildPhase;
			buildActionMask = 2147483647;
			files = (
			);
			runOnlyForDeploymentPostprocessing = 0;
		};
		13B07F8E1A680F5B00A75B9A /* Resources */ = {
			isa = PBXResourcesBuildPhase;
			buildActionMask = 2147483647;
			files = (
				13B07FBF1A68108700A75B9A /* Images.xcassets in Resources */,
				13B07FBD1A68108700A75B9A /* LaunchScreen.xib in Resources */,
				B775EE6554C14B30ADD5CE58 /* AntDesign.ttf in Resources */,
				6F5B6D7A6A794F6E8020D870 /* Entypo.ttf in Resources */,
				80F9509BA808425E9B58CA77 /* EvilIcons.ttf in Resources */,
				9E35683BBB494378968EF32B /* Feather.ttf in Resources */,
				79ACFE87BF5A4DF7B9296414 /* FontAwesome.ttf in Resources */,
				6E3940A266C44F36B6E17E87 /* FontAwesome5_Brands.ttf in Resources */,
				33990E78A1014173AF8E35A4 /* FontAwesome5_Regular.ttf in Resources */,
				5E3C2EA50C2A48B794194775 /* FontAwesome5_Solid.ttf in Resources */,
				B2860BD15B59421C84969C28 /* Fontisto.ttf in Resources */,
				73A3C7B8C94D46D0A3637B05 /* Foundation.ttf in Resources */,
				3149B3331F094DAFAE3AB585 /* Ionicons.ttf in Resources */,
				84C8526C5EA74909ADE89E41 /* MaterialCommunityIcons.ttf in Resources */,
				004AF4CF16934FE1944C35BC /* MaterialIcons.ttf in Resources */,
				E96204089D364BB1B12DBEA9 /* Octicons.ttf in Resources */,
				A8E11D5EE49D475EA1F6DA08 /* SimpleLineIcons.ttf in Resources */,
				132B2447391E41969AE598B8 /* Zocial.ttf in Resources */,
				3540F3F6CF174E46A9AFB678 /* Montserrat-Black.ttf in Resources */,
				B9B5D0471BC544FC90CC90FD /* Montserrat-BlackItalic.ttf in Resources */,
				6E7B24C83CDD4A1ABC982329 /* Montserrat-Bold.ttf in Resources */,
				08BDAA55941343E7AD70CABB /* Montserrat-BoldItalic.ttf in Resources */,
				CB08C7A915C24A3F87159044 /* Montserrat-ExtraBold.ttf in Resources */,
				0DC7BD3A42C34A1E829396DE /* Montserrat-ExtraBoldItalic.ttf in Resources */,
				E612877483FA40CDB2DDA728 /* Montserrat-ExtraLight.ttf in Resources */,
				25E71FE4E0C74CB9B392A06B /* Montserrat-ExtraLightItalic.ttf in Resources */,
				DBAAB67516214E6AA7EDAD57 /* Montserrat-Italic.ttf in Resources */,
				2A6508C4CDF24397B71138E1 /* Montserrat-Light.ttf in Resources */,
				F51B39DE27CA478AA4B870DF /* Montserrat-LightItalic.ttf in Resources */,
				5DC8C4D329AE4227ADF67E1F /* Montserrat-Medium.ttf in Resources */,
				1FB9FD33D877428CBF2CDFC9 /* Montserrat-MediumItalic.ttf in Resources */,
				AC623610114248C3B3A0C8C1 /* Montserrat-Regular.ttf in Resources */,
				94F9BB34611A4EAEAFF08680 /* Montserrat-SemiBold.ttf in Resources */,
				853FE8FA739443DEBE99BB4C /* Montserrat-SemiBoldItalic.ttf in Resources */,
				05A43961367D4C5B9006CE23 /* Montserrat-Thin.ttf in Resources */,
				6505DA5906904851AD88296A /* Montserrat-ThinItalic.ttf in Resources */,
				4F142A5C3B534EAC9C935688 /* AntDesign.ttf in Resources */,
				61FB5046F36B4A57B4C9F7A3 /* Entypo.ttf in Resources */,
				06B96A91DA6C427B83348D15 /* EvilIcons.ttf in Resources */,
				43342D22A25042B9B3E25475 /* Feather.ttf in Resources */,
				BE44BF26BF65427E99579459 /* FontAwesome.ttf in Resources */,
				2E6BE57C7A294E208F2A0516 /* FontAwesome5_Brands.ttf in Resources */,
				71506EAFDB514653BE4F42B7 /* FontAwesome5_Regular.ttf in Resources */,
				6690AFE5ABE74F2A8A824532 /* FontAwesome5_Solid.ttf in Resources */,
				3345D910C5B74741A22B9AB4 /* Fontisto.ttf in Resources */,
				CC8A71BF79DF4826B7D58BDA /* Foundation.ttf in Resources */,
				B21C9D6553394158B86BD746 /* Ionicons.ttf in Resources */,
				13FE1E550F7B4F0FBCDFD449 /* MaterialCommunityIcons.ttf in Resources */,
				F974E2FDA98F44A1A3737677 /* MaterialIcons.ttf in Resources */,
				41309FAE1F3944AA9459B78B /* Octicons.ttf in Resources */,
				727F7AC554254921A4F0CB8B /* Roboto_medium.ttf in Resources */,
				33FDB83BDBC24D1DAF8E1216 /* Roboto.ttf in Resources */,
				4AF9C79A71A04B2A978295B4 /* rubicon-icon-font.ttf in Resources */,
				7945083DE68E4831941E1A14 /* SimpleLineIcons.ttf in Resources */,
				99B0CC826DAD4AEBA5575F68 /* Zocial.ttf in Resources */,
				03BFEC5833A6455B9B78C6C5 /* Muli-Black.ttf in Resources */,
				82AF226439794239B94DACC4 /* Muli-BlackItalic.ttf in Resources */,
				EFF78DEC2DB74D03A147E29B /* Muli-Bold.ttf in Resources */,
				B392C0E683D24881872653FA /* Muli-BoldItalic.ttf in Resources */,
				7575AE951D9047AC98997A79 /* Muli-ExtraBold.ttf in Resources */,
				EE1AF725DA8646EFA372F91F /* Muli-ExtraBoldItalic.ttf in Resources */,
				463389136DA241CF9A827D0A /* Muli-ExtraLight.ttf in Resources */,
				D177C1FAD8104F52A323B2EC /* Muli-ExtraLightItalic.ttf in Resources */,
				BE3C55B8A0D1481AB0B5DF84 /* Muli-Italic.ttf in Resources */,
				4572DD15350849398AA85A87 /* Muli-Light.ttf in Resources */,
				7031C54F7C494634B4A33CD3 /* Muli-LightItalic.ttf in Resources */,
				C2ABF289A700426B8B5FE70E /* Muli-Medium.ttf in Resources */,
				A9F33B2ECEEC4820A5425AC1 /* Muli-MediumItalic.ttf in Resources */,
				CFC3743FB9234CD6BE5417FE /* Muli-Regular.ttf in Resources */,
				E395F490AB514379B6E7BCC7 /* Muli-SemiBold.ttf in Resources */,
				82909D5BAEB5415DB2498AD2 /* Muli-SemiBoldItalic.ttf in Resources */,
				C5C1E48963B342999CB69951 /* Inter-Black.ttf in Resources */,
				5218187E388C49828E7A1D00 /* Inter-BlackItalic.ttf in Resources */,
				86B3BA837E864819B4D4620A /* Inter-Bold.ttf in Resources */,
				D5E6953BAF5C4FA39A8571D3 /* Inter-BoldItalic.ttf in Resources */,
				862383A34559470A8F6D2955 /* Inter-ExtraBold.ttf in Resources */,
				51046605745E4972B47F64DA /* Inter-ExtraBoldItalic.ttf in Resources */,
				16EBE021D295459E8354FDA4 /* Inter-ExtraLight.ttf in Resources */,
				DD0F684C618542EEAB5217BA /* Inter-ExtraLightItalic.ttf in Resources */,
				C4A9F25D41D84B96B61055BE /* Inter-Italic.ttf in Resources */,
				98D50F2EEEFD4798A2152995 /* Inter-Light.ttf in Resources */,
				E08D9D9B97F44A409A5C342C /* Inter-LightItalic.ttf in Resources */,
				69AF2831DE7149C1A4912969 /* Inter-Medium.ttf in Resources */,
				A74393A7F9214A61A671BA1C /* Inter-MediumItalic.ttf in Resources */,
				37088E98F4534F8DAA83653B /* Inter-Regular.ttf in Resources */,
				8E26FA38527B43EEA7022BE4 /* Inter-SemiBold.ttf in Resources */,
				49C45AB0CE014C1F8749E20D /* Inter-SemiBoldItalic.ttf in Resources */,
				1CEF364D4E81417E823CD41B /* Inter-Thin.ttf in Resources */,
				18B5DAA13D604218904F9D55 /* Inter-ThinItalic.ttf in Resources */,
			);
			runOnlyForDeploymentPostprocessing = 0;
		};
		2D02E4791E0B4A5D006451C7 /* Resources */ = {
			isa = PBXResourcesBuildPhase;
			buildActionMask = 2147483647;
			files = (
				2D02E4BD1E0B4A84006451C7 /* Images.xcassets in Resources */,
			);
			runOnlyForDeploymentPostprocessing = 0;
		};
		2D02E48E1E0B4A5D006451C7 /* Resources */ = {
			isa = PBXResourcesBuildPhase;
			buildActionMask = 2147483647;
			files = (
			);
			runOnlyForDeploymentPostprocessing = 0;
		};
/* End PBXResourcesBuildPhase section */

/* Begin PBXShellScriptBuildPhase section */
		00DD1BFF1BD5951E006B06BC /* Bundle React Native code and images */ = {
			isa = PBXShellScriptBuildPhase;
			buildActionMask = 2147483647;
			files = (
			);
			inputPaths = (
			);
			name = "Bundle React Native code and images";
			outputPaths = (
			);
			runOnlyForDeploymentPostprocessing = 0;
			shellPath = /bin/sh;
			shellScript = "export NODE_BINARY=node\n../node_modules/react-native/scripts/react-native-xcode.sh";
		};
		2D02E4CB1E0B4B27006451C7 /* Bundle React Native Code And Images */ = {
			isa = PBXShellScriptBuildPhase;
			buildActionMask = 2147483647;
			files = (
			);
			inputPaths = (
			);
			name = "Bundle React Native Code And Images";
			outputPaths = (
			);
			runOnlyForDeploymentPostprocessing = 0;
			shellPath = /bin/sh;
			shellScript = "export NODE_BINARY=node\n../node_modules/react-native/scripts/react-native-xcode.sh";
		};
		FD10A7F022414F080027D42C /* Start Packager */ = {
			isa = PBXShellScriptBuildPhase;
			buildActionMask = 2147483647;
			files = (
			);
			inputFileListPaths = (
			);
			inputPaths = (
			);
			name = "Start Packager";
			outputFileListPaths = (
			);
			outputPaths = (
			);
			runOnlyForDeploymentPostprocessing = 0;
			shellPath = /bin/sh;
			shellScript = "export RCT_METRO_PORT=\"${RCT_METRO_PORT:=8081}\"\necho \"export RCT_METRO_PORT=${RCT_METRO_PORT}\" > \"${SRCROOT}/../node_modules/react-native/scripts/.packager.env\"\nif [ -z \"${RCT_NO_LAUNCH_PACKAGER+xxx}\" ] ; then\n  if nc -w 5 -z localhost ${RCT_METRO_PORT} ; then\n    if ! curl -s \"http://localhost:${RCT_METRO_PORT}/status\" | grep -q \"packager-status:running\" ; then\n      echo \"Port ${RCT_METRO_PORT} already in use, packager is either not running or not running correctly\"\n      exit 2\n    fi\n  else\n    open \"$SRCROOT/../node_modules/react-native/scripts/launchPackager.command\" || echo \"Can't start packager automatically\"\n  fi\nfi\n";
			showEnvVarsInLog = 0;
		};
		FD10A7F122414F3F0027D42C /* Start Packager */ = {
			isa = PBXShellScriptBuildPhase;
			buildActionMask = 2147483647;
			files = (
			);
			inputFileListPaths = (
			);
			inputPaths = (
			);
			name = "Start Packager";
			outputFileListPaths = (
			);
			outputPaths = (
			);
			runOnlyForDeploymentPostprocessing = 0;
			shellPath = /bin/sh;
			shellScript = "export RCT_METRO_PORT=\"${RCT_METRO_PORT:=8081}\"\necho \"export RCT_METRO_PORT=${RCT_METRO_PORT}\" > \"${SRCROOT}/../node_modules/react-native/scripts/.packager.env\"\nif [ -z \"${RCT_NO_LAUNCH_PACKAGER+xxx}\" ] ; then\n  if nc -w 5 -z localhost ${RCT_METRO_PORT} ; then\n    if ! curl -s \"http://localhost:${RCT_METRO_PORT}/status\" | grep -q \"packager-status:running\" ; then\n      echo \"Port ${RCT_METRO_PORT} already in use, packager is either not running or not running correctly\"\n      exit 2\n    fi\n  else\n    open \"$SRCROOT/../node_modules/react-native/scripts/launchPackager.command\" || echo \"Can't start packager automatically\"\n  fi\nfi\n";
			showEnvVarsInLog = 0;
		};
/* End PBXShellScriptBuildPhase section */

/* Begin PBXSourcesBuildPhase section */
		00E356EA1AD99517003FC87E /* Sources */ = {
			isa = PBXSourcesBuildPhase;
			buildActionMask = 2147483647;
			files = (
				00E356F31AD99517003FC87E /* wooappTests.m in Sources */,
			);
			runOnlyForDeploymentPostprocessing = 0;
		};
		13B07F871A680F5B00A75B9A /* Sources */ = {
			isa = PBXSourcesBuildPhase;
			buildActionMask = 2147483647;
			files = (
				13B07FBC1A68108700A75B9A /* AppDelegate.m in Sources */,
				13B07FC11A68108700A75B9A /* main.m in Sources */,
			);
			runOnlyForDeploymentPostprocessing = 0;
		};
		2D02E4771E0B4A5D006451C7 /* Sources */ = {
			isa = PBXSourcesBuildPhase;
			buildActionMask = 2147483647;
			files = (
				2D02E4BF1E0B4AB3006451C7 /* main.m in Sources */,
				2D02E4BC1E0B4A80006451C7 /* AppDelegate.m in Sources */,
			);
			runOnlyForDeploymentPostprocessing = 0;
		};
		2D02E48C1E0B4A5D006451C7 /* Sources */ = {
			isa = PBXSourcesBuildPhase;
			buildActionMask = 2147483647;
			files = (
				2DCD954D1E0B4F2C00145EB5 /* wooappTests.m in Sources */,
			);
			runOnlyForDeploymentPostprocessing = 0;
		};
/* End PBXSourcesBuildPhase section */

/* Begin PBXTargetDependency section */
		00E356F51AD99517003FC87E /* PBXTargetDependency */ = {
			isa = PBXTargetDependency;
			target = 13B07F861A680F5B00A75B9A /* wooapp */;
			targetProxy = 00E356F41AD99517003FC87E /* PBXContainerItemProxy */;
		};
		2D02E4921E0B4A5D006451C7 /* PBXTargetDependency */ = {
			isa = PBXTargetDependency;
			target = 2D02E47A1E0B4A5D006451C7 /* wooapp-tvOS */;
			targetProxy = 2D02E4911E0B4A5D006451C7 /* PBXContainerItemProxy */;
		};
/* End PBXTargetDependency section */

/* Begin PBXVariantGroup section */
		13B07FB11A68108700A75B9A /* LaunchScreen.xib */ = {
			isa = PBXVariantGroup;
			children = (
				13B07FB21A68108700A75B9A /* Base */,
			);
			name = LaunchScreen.xib;
			path = wooapp;
			sourceTree = "<group>";
		};
/* End PBXVariantGroup section */

/* Begin XCBuildConfiguration section */
		00E356F61AD99517003FC87E /* Debug */ = {
			isa = XCBuildConfiguration;
			buildSettings = {
				BUNDLE_LOADER = "$(TEST_HOST)";
				GCC_PREPROCESSOR_DEFINITIONS = (
					"DEBUG=1",
					"$(inherited)",
				);
				INFOPLIST_FILE = wooappTests/Info.plist;
				IPHONEOS_DEPLOYMENT_TARGET = 9.0;
				LD_RUNPATH_SEARCH_PATHS = "$(inherited) @executable_path/Frameworks @loader_path/Frameworks";
				OTHER_LDFLAGS = (
					"-ObjC",
					"-lc++",
					"$(inherited)",
				);
				PRODUCT_BUNDLE_IDENTIFIER = "org.reactjs.native.example.$(PRODUCT_NAME:rfc1034identifier)";
				PRODUCT_NAME = "$(TARGET_NAME)";
				TEST_HOST = "$(BUILT_PRODUCTS_DIR)/wooapp.app/wooapp";
			};
			name = Debug;
		};
		00E356F71AD99517003FC87E /* Release */ = {
			isa = XCBuildConfiguration;
			buildSettings = {
				BUNDLE_LOADER = "$(TEST_HOST)";
				COPY_PHASE_STRIP = NO;
				INFOPLIST_FILE = wooappTests/Info.plist;
				IPHONEOS_DEPLOYMENT_TARGET = 9.0;
				LD_RUNPATH_SEARCH_PATHS = "$(inherited) @executable_path/Frameworks @loader_path/Frameworks";
				OTHER_LDFLAGS = (
					"-ObjC",
					"-lc++",
					"$(inherited)",
				);
				PRODUCT_BUNDLE_IDENTIFIER = "org.reactjs.native.example.$(PRODUCT_NAME:rfc1034identifier)";
				PRODUCT_NAME = "$(TARGET_NAME)";
				TEST_HOST = "$(BUILT_PRODUCTS_DIR)/wooapp.app/wooapp";
			};
			name = Release;
		};
		13B07F941A680F5B00A75B9A /* Debug */ = {
			isa = XCBuildConfiguration;
			buildSettings = {
				ASSETCATALOG_COMPILER_APPICON_NAME = AppIcon;
				CURRENT_PROJECT_VERSION = 1;
				DEAD_CODE_STRIPPING = NO;
				INFOPLIST_FILE = wooapp/Info.plist;
				LD_RUNPATH_SEARCH_PATHS = "$(inherited) @executable_path/Frameworks";
				OTHER_LDFLAGS = (
					"$(inherited)",
					"-ObjC",
					"-lc++",
				);
				PRODUCT_BUNDLE_IDENTIFIER = "org.reactjs.native.example.$(PRODUCT_NAME:rfc1034identifier)";
				PRODUCT_NAME = wooapp;
				VERSIONING_SYSTEM = "apple-generic";
			};
			name = Debug;
		};
		13B07F951A680F5B00A75B9A /* Release */ = {
			isa = XCBuildConfiguration;
			buildSettings = {
				ASSETCATALOG_COMPILER_APPICON_NAME = AppIcon;
				CURRENT_PROJECT_VERSION = 1;
				INFOPLIST_FILE = wooapp/Info.plist;
				LD_RUNPATH_SEARCH_PATHS = "$(inherited) @executable_path/Frameworks";
				OTHER_LDFLAGS = (
					"$(inherited)",
					"-ObjC",
					"-lc++",
				);
				PRODUCT_BUNDLE_IDENTIFIER = "org.reactjs.native.example.$(PRODUCT_NAME:rfc1034identifier)";
				PRODUCT_NAME = wooapp;
				VERSIONING_SYSTEM = "apple-generic";
			};
			name = Release;
		};
		2D02E4971E0B4A5E006451C7 /* Debug */ = {
			isa = XCBuildConfiguration;
			buildSettings = {
				ASSETCATALOG_COMPILER_APPICON_NAME = "App Icon & Top Shelf Image";
				ASSETCATALOG_COMPILER_LAUNCHIMAGE_NAME = LaunchImage;
				CLANG_ANALYZER_NONNULL = YES;
				CLANG_WARN_DOCUMENTATION_COMMENTS = YES;
				CLANG_WARN_INFINITE_RECURSION = YES;
				CLANG_WARN_SUSPICIOUS_MOVE = YES;
				DEBUG_INFORMATION_FORMAT = dwarf;
				ENABLE_TESTABILITY = YES;
				GCC_NO_COMMON_BLOCKS = YES;
				INFOPLIST_FILE = "wooapp-tvOS/Info.plist";
				LD_RUNPATH_SEARCH_PATHS = "$(inherited) @executable_path/Frameworks";
				OTHER_LDFLAGS = (
					"$(inherited)",
					"-ObjC",
					"-lc++",
				);
				PRODUCT_BUNDLE_IDENTIFIER = "com.facebook.REACT.wooapp-tvOS";
				PRODUCT_NAME = "$(TARGET_NAME)";
				SDKROOT = appletvos;
				TARGETED_DEVICE_FAMILY = 3;
				TVOS_DEPLOYMENT_TARGET = 9.2;
			};
			name = Debug;
		};
		2D02E4981E0B4A5E006451C7 /* Release */ = {
			isa = XCBuildConfiguration;
			buildSettings = {
				ASSETCATALOG_COMPILER_APPICON_NAME = "App Icon & Top Shelf Image";
				ASSETCATALOG_COMPILER_LAUNCHIMAGE_NAME = LaunchImage;
				CLANG_ANALYZER_NONNULL = YES;
				CLANG_WARN_DOCUMENTATION_COMMENTS = YES;
				CLANG_WARN_INFINITE_RECURSION = YES;
				CLANG_WARN_SUSPICIOUS_MOVE = YES;
				COPY_PHASE_STRIP = NO;
				DEBUG_INFORMATION_FORMAT = "dwarf-with-dsym";
				GCC_NO_COMMON_BLOCKS = YES;
				INFOPLIST_FILE = "wooapp-tvOS/Info.plist";
				LD_RUNPATH_SEARCH_PATHS = "$(inherited) @executable_path/Frameworks";
				OTHER_LDFLAGS = (
					"$(inherited)",
					"-ObjC",
					"-lc++",
				);
				PRODUCT_BUNDLE_IDENTIFIER = "com.facebook.REACT.wooapp-tvOS";
				PRODUCT_NAME = "$(TARGET_NAME)";
				SDKROOT = appletvos;
				TARGETED_DEVICE_FAMILY = 3;
				TVOS_DEPLOYMENT_TARGET = 9.2;
			};
			name = Release;
		};
		2D02E4991E0B4A5E006451C7 /* Debug */ = {
			isa = XCBuildConfiguration;
			buildSettings = {
				BUNDLE_LOADER = "$(TEST_HOST)";
				CLANG_ANALYZER_NONNULL = YES;
				CLANG_WARN_DOCUMENTATION_COMMENTS = YES;
				CLANG_WARN_INFINITE_RECURSION = YES;
				CLANG_WARN_SUSPICIOUS_MOVE = YES;
				DEBUG_INFORMATION_FORMAT = dwarf;
				ENABLE_TESTABILITY = YES;
				GCC_NO_COMMON_BLOCKS = YES;
				INFOPLIST_FILE = "wooapp-tvOSTests/Info.plist";
				LD_RUNPATH_SEARCH_PATHS = "$(inherited) @executable_path/Frameworks @loader_path/Frameworks";
				OTHER_LDFLAGS = (
					"$(inherited)",
					"-ObjC",
					"-lc++",
				);
				PRODUCT_BUNDLE_IDENTIFIER = "com.facebook.REACT.wooapp-tvOSTests";
				PRODUCT_NAME = "$(TARGET_NAME)";
				SDKROOT = appletvos;
				TEST_HOST = "$(BUILT_PRODUCTS_DIR)/wooapp-tvOS.app/wooapp-tvOS";
				TVOS_DEPLOYMENT_TARGET = 10.1;
			};
			name = Debug;
		};
		2D02E49A1E0B4A5E006451C7 /* Release */ = {
			isa = XCBuildConfiguration;
			buildSettings = {
				BUNDLE_LOADER = "$(TEST_HOST)";
				CLANG_ANALYZER_NONNULL = YES;
				CLANG_WARN_DOCUMENTATION_COMMENTS = YES;
				CLANG_WARN_INFINITE_RECURSION = YES;
				CLANG_WARN_SUSPICIOUS_MOVE = YES;
				COPY_PHASE_STRIP = NO;
				DEBUG_INFORMATION_FORMAT = "dwarf-with-dsym";
				GCC_NO_COMMON_BLOCKS = YES;
				INFOPLIST_FILE = "wooapp-tvOSTests/Info.plist";
				LD_RUNPATH_SEARCH_PATHS = "$(inherited) @executable_path/Frameworks @loader_path/Frameworks";
				OTHER_LDFLAGS = (
					"$(inherited)",
					"-ObjC",
					"-lc++",
				);
				PRODUCT_BUNDLE_IDENTIFIER = "com.facebook.REACT.wooapp-tvOSTests";
				PRODUCT_NAME = "$(TARGET_NAME)";
				SDKROOT = appletvos;
				TEST_HOST = "$(BUILT_PRODUCTS_DIR)/wooapp-tvOS.app/wooapp-tvOS";
				TVOS_DEPLOYMENT_TARGET = 10.1;
			};
			name = Release;
		};
		83CBBA201A601CBA00E9B192 /* Debug */ = {
			isa = XCBuildConfiguration;
			buildSettings = {
				ALWAYS_SEARCH_USER_PATHS = NO;
				CLANG_CXX_LANGUAGE_STANDARD = "gnu++0x";
				CLANG_CXX_LIBRARY = "libc++";
				CLANG_ENABLE_MODULES = YES;
				CLANG_ENABLE_OBJC_ARC = YES;
				CLANG_WARN_BLOCK_CAPTURE_AUTORELEASING = YES;
				CLANG_WARN_BOOL_CONVERSION = YES;
				CLANG_WARN_COMMA = YES;
				CLANG_WARN_CONSTANT_CONVERSION = YES;
				CLANG_WARN_DEPRECATED_OBJC_IMPLEMENTATIONS = YES;
				CLANG_WARN_DIRECT_OBJC_ISA_USAGE = YES_ERROR;
				CLANG_WARN_EMPTY_BODY = YES;
				CLANG_WARN_ENUM_CONVERSION = YES;
				CLANG_WARN_INFINITE_RECURSION = YES;
				CLANG_WARN_INT_CONVERSION = YES;
				CLANG_WARN_NON_LITERAL_NULL_CONVERSION = YES;
				CLANG_WARN_OBJC_IMPLICIT_RETAIN_SELF = YES;
				CLANG_WARN_OBJC_LITERAL_CONVERSION = YES;
				CLANG_WARN_OBJC_ROOT_CLASS = YES_ERROR;
				CLANG_WARN_RANGE_LOOP_ANALYSIS = YES;
				CLANG_WARN_STRICT_PROTOTYPES = YES;
				CLANG_WARN_SUSPICIOUS_MOVE = YES;
				CLANG_WARN_UNREACHABLE_CODE = YES;
				CLANG_WARN__DUPLICATE_METHOD_MATCH = YES;
				"CODE_SIGN_IDENTITY[sdk=iphoneos*]" = "iPhone Developer";
				COPY_PHASE_STRIP = NO;
				ENABLE_STRICT_OBJC_MSGSEND = YES;
				ENABLE_TESTABILITY = YES;
				GCC_C_LANGUAGE_STANDARD = gnu99;
				GCC_DYNAMIC_NO_PIC = NO;
				GCC_NO_COMMON_BLOCKS = YES;
				GCC_OPTIMIZATION_LEVEL = 0;
				GCC_PREPROCESSOR_DEFINITIONS = (
					"DEBUG=1",
					"$(inherited)",
				);
				GCC_SYMBOLS_PRIVATE_EXTERN = NO;
				GCC_WARN_64_TO_32_BIT_CONVERSION = YES;
				GCC_WARN_ABOUT_RETURN_TYPE = YES_ERROR;
				GCC_WARN_UNDECLARED_SELECTOR = YES;
				GCC_WARN_UNINITIALIZED_AUTOS = YES_AGGRESSIVE;
				GCC_WARN_UNUSED_FUNCTION = YES;
				GCC_WARN_UNUSED_VARIABLE = YES;
				IPHONEOS_DEPLOYMENT_TARGET = 9.0;
				MTL_ENABLE_DEBUG_INFO = YES;
				ONLY_ACTIVE_ARCH = YES;
				SDKROOT = iphoneos;
			};
			name = Debug;
		};
		83CBBA211A601CBA00E9B192 /* Release */ = {
			isa = XCBuildConfiguration;
			buildSettings = {
				ALWAYS_SEARCH_USER_PATHS = NO;
				CLANG_CXX_LANGUAGE_STANDARD = "gnu++0x";
				CLANG_CXX_LIBRARY = "libc++";
				CLANG_ENABLE_MODULES = YES;
				CLANG_ENABLE_OBJC_ARC = YES;
				CLANG_WARN_BLOCK_CAPTURE_AUTORELEASING = YES;
				CLANG_WARN_BOOL_CONVERSION = YES;
				CLANG_WARN_COMMA = YES;
				CLANG_WARN_CONSTANT_CONVERSION = YES;
				CLANG_WARN_DEPRECATED_OBJC_IMPLEMENTATIONS = YES;
				CLANG_WARN_DIRECT_OBJC_ISA_USAGE = YES_ERROR;
				CLANG_WARN_EMPTY_BODY = YES;
				CLANG_WARN_ENUM_CONVERSION = YES;
				CLANG_WARN_INFINITE_RECURSION = YES;
				CLANG_WARN_INT_CONVERSION = YES;
				CLANG_WARN_NON_LITERAL_NULL_CONVERSION = YES;
				CLANG_WARN_OBJC_IMPLICIT_RETAIN_SELF = YES;
				CLANG_WARN_OBJC_LITERAL_CONVERSION = YES;
				CLANG_WARN_OBJC_ROOT_CLASS = YES_ERROR;
				CLANG_WARN_RANGE_LOOP_ANALYSIS = YES;
				CLANG_WARN_STRICT_PROTOTYPES = YES;
				CLANG_WARN_SUSPICIOUS_MOVE = YES;
				CLANG_WARN_UNREACHABLE_CODE = YES;
				CLANG_WARN__DUPLICATE_METHOD_MATCH = YES;
				"CODE_SIGN_IDENTITY[sdk=iphoneos*]" = "iPhone Developer";
				COPY_PHASE_STRIP = YES;
				ENABLE_NS_ASSERTIONS = NO;
				ENABLE_STRICT_OBJC_MSGSEND = YES;
				GCC_C_LANGUAGE_STANDARD = gnu99;
				GCC_NO_COMMON_BLOCKS = YES;
				GCC_WARN_64_TO_32_BIT_CONVERSION = YES;
				GCC_WARN_ABOUT_RETURN_TYPE = YES_ERROR;
				GCC_WARN_UNDECLARED_SELECTOR = YES;
				GCC_WARN_UNINITIALIZED_AUTOS = YES_AGGRESSIVE;
				GCC_WARN_UNUSED_FUNCTION = YES;
				GCC_WARN_UNUSED_VARIABLE = YES;
				IPHONEOS_DEPLOYMENT_TARGET = 9.0;
				MTL_ENABLE_DEBUG_INFO = NO;
				SDKROOT = iphoneos;
				VALIDATE_PRODUCT = YES;
			};
			name = Release;
		};
/* End XCBuildConfiguration section */

/* Begin XCConfigurationList section */
		00E357021AD99517003FC87E /* Build configuration list for PBXNativeTarget "wooappTests" */ = {
			isa = XCConfigurationList;
			buildConfigurations = (
				00E356F61AD99517003FC87E /* Debug */,
				00E356F71AD99517003FC87E /* Release */,
			);
			defaultConfigurationIsVisible = 0;
			defaultConfigurationName = Release;
		};
		13B07F931A680F5B00A75B9A /* Build configuration list for PBXNativeTarget "wooapp" */ = {
			isa = XCConfigurationList;
			buildConfigurations = (
				13B07F941A680F5B00A75B9A /* Debug */,
				13B07F951A680F5B00A75B9A /* Release */,
			);
			defaultConfigurationIsVisible = 0;
			defaultConfigurationName = Release;
		};
		2D02E4BA1E0B4A5E006451C7 /* Build configuration list for PBXNativeTarget "wooapp-tvOS" */ = {
			isa = XCConfigurationList;
			buildConfigurations = (
				2D02E4971E0B4A5E006451C7 /* Debug */,
				2D02E4981E0B4A5E006451C7 /* Release */,
			);
			defaultConfigurationIsVisible = 0;
			defaultConfigurationName = Release;
		};
		2D02E4BB1E0B4A5E006451C7 /* Build configuration list for PBXNativeTarget "wooapp-tvOSTests" */ = {
			isa = XCConfigurationList;
			buildConfigurations = (
				2D02E4991E0B4A5E006451C7 /* Debug */,
				2D02E49A1E0B4A5E006451C7 /* Release */,
			);
			defaultConfigurationIsVisible = 0;
			defaultConfigurationName = Release;
		};
		83CBB9FA1A601CBA00E9B192 /* Build configuration list for PBXProject "wooapp" */ = {
			isa = XCConfigurationList;
			buildConfigurations = (
				83CBBA201A601CBA00E9B192 /* Debug */,
				83CBBA211A601CBA00E9B192 /* Release */,
			);
			defaultConfigurationIsVisible = 0;
			defaultConfigurationName = Release;
		};
/* End XCConfigurationList section */
	};
	rootObject = 83CBB9F71A601CBA00E9B192 /* Project object */;
}
